// !$*UTF8*$!
{
	archiveVersion = 1;
	classes = {
	};
	objectVersion = 46;
	objects = {

/* Begin PBXBuildFile section */
		4DA3EB6DE1F95ABA8052A45D /* Pods_Mangosta_REST.framework in Frameworks */ = {isa = PBXBuildFile; fileRef = 42B6B5A8C0E60D128D86660C /* Pods_Mangosta_REST.framework */; };
		811C5AB41CAC094D008346FE /* AuthenticationModel.swift in Sources */ = {isa = PBXBuildFile; fileRef = 811C5AB31CAC094D008346FE /* AuthenticationModel.swift */; };
		813266A31CA18FFF00D4EDC0 /* ClientState.swift in Sources */ = {isa = PBXBuildFile; fileRef = 813266A21CA18FFF00D4EDC0 /* ClientState.swift */; };
		81473D901CC10949006FCEC9 /* MUCRoomCreateViewController.swift in Sources */ = {isa = PBXBuildFile; fileRef = 81473D8F1CC10949006FCEC9 /* MUCRoomCreateViewController.swift */; };
		814D4CA51C970E6900AB28FA /* Constants.swift in Sources */ = {isa = PBXBuildFile; fileRef = 814D4CA41C970E6900AB28FA /* Constants.swift */; };
		81ECA3501C92CDE4000602F2 /* AppDelegate.swift in Sources */ = {isa = PBXBuildFile; fileRef = 81ECA34F1C92CDE4000602F2 /* AppDelegate.swift */; };
		81ECA3571C92CDE4000602F2 /* Assets.xcassets in Resources */ = {isa = PBXBuildFile; fileRef = 81ECA3561C92CDE4000602F2 /* Assets.xcassets */; };
		81ECA35A1C92CDE4000602F2 /* LaunchScreen.storyboard in Resources */ = {isa = PBXBuildFile; fileRef = 81ECA3581C92CDE4000602F2 /* LaunchScreen.storyboard */; };
		81ECA3651C92CDE5000602F2 /* MangostaTests.swift in Sources */ = {isa = PBXBuildFile; fileRef = 81ECA3641C92CDE5000602F2 /* MangostaTests.swift */; };
		81ECA3701C92CDE5000602F2 /* MangostaUITests.swift in Sources */ = {isa = PBXBuildFile; fileRef = 81ECA36F1C92CDE5000602F2 /* MangostaUITests.swift */; };
		81F8E8331CA0236A008099D1 /* MainViewController.swift in Sources */ = {isa = PBXBuildFile; fileRef = 81F8E8321CA0236A008099D1 /* MainViewController.swift */; };
		81F8E8351CA023B1008099D1 /* LoginViewController.swift in Sources */ = {isa = PBXBuildFile; fileRef = 81F8E8341CA023B1008099D1 /* LoginViewController.swift */; };
		AC3E3FAF1E7C3DB0005EA75B /* ChatViewController.swift in Sources */ = {isa = PBXBuildFile; fileRef = 81F8E8391CA03F3A008099D1 /* ChatViewController.swift */; };
		AC3E3FB01E7C3DB1005EA75B /* ChatViewController.swift in Sources */ = {isa = PBXBuildFile; fileRef = 81F8E8391CA03F3A008099D1 /* ChatViewController.swift */; };
		AC3E3FC31E7C3F19005EA75B /* BaseMessageHandler.swift in Sources */ = {isa = PBXBuildFile; fileRef = AC3E3FB11E7C3F19005EA75B /* BaseMessageHandler.swift */; };
		AC3E3FC41E7C3F19005EA75B /* PhotoMessageHandler.swift in Sources */ = {isa = PBXBuildFile; fileRef = AC3E3FB21E7C3F19005EA75B /* PhotoMessageHandler.swift */; };
		AC3E3FC51E7C3F19005EA75B /* PhotoMessageModel.swift in Sources */ = {isa = PBXBuildFile; fileRef = AC3E3FB31E7C3F19005EA75B /* PhotoMessageModel.swift */; };
		AC3E3FC61E7C3F19005EA75B /* PhotoMessageViewModel.swift in Sources */ = {isa = PBXBuildFile; fileRef = AC3E3FB41E7C3F19005EA75B /* PhotoMessageViewModel.swift */; };
		AC3E3FC71E7C3F19005EA75B /* TextMessageHandler.swift in Sources */ = {isa = PBXBuildFile; fileRef = AC3E3FB51E7C3F19005EA75B /* TextMessageHandler.swift */; };
		AC3E3FC81E7C3F19005EA75B /* TextMessageModel.swift in Sources */ = {isa = PBXBuildFile; fileRef = AC3E3FB61E7C3F19005EA75B /* TextMessageModel.swift */; };
		AC3E3FC91E7C3F19005EA75B /* TextMessageViewModel.swift in Sources */ = {isa = PBXBuildFile; fileRef = AC3E3FB71E7C3F19005EA75B /* TextMessageViewModel.swift */; };
		AC3E3FCA1E7C3F19005EA75B /* QueueMessageFactory.swift in Sources */ = {isa = PBXBuildFile; fileRef = AC3E3FB81E7C3F19005EA75B /* QueueMessageFactory.swift */; };
		AC3E3FCB1E7C3F19005EA75B /* ChatItemsDecorator.swift in Sources */ = {isa = PBXBuildFile; fileRef = AC3E3FB91E7C3F19005EA75B /* ChatItemsDecorator.swift */; };
		AC3E3FCC1E7C3F19005EA75B /* QueueDataSource.swift in Sources */ = {isa = PBXBuildFile; fileRef = AC3E3FBA1E7C3F19005EA75B /* QueueDataSource.swift */; };
		AC3E3FCD1E7C3F19005EA75B /* QueueMessageSender.swift in Sources */ = {isa = PBXBuildFile; fileRef = AC3E3FBB1E7C3F19005EA75B /* QueueMessageSender.swift */; };
		AC3E3FCE1E7C3F19005EA75B /* SendingStatusCollectionViewCell.xib in Resources */ = {isa = PBXBuildFile; fileRef = AC3E3FBC1E7C3F19005EA75B /* SendingStatusCollectionViewCell.xib */; };
		AC3E3FCF1E7C3F19005EA75B /* SlidingDatasSource.swift in Sources */ = {isa = PBXBuildFile; fileRef = AC3E3FBD1E7C3F19005EA75B /* SlidingDatasSource.swift */; };
		AC3E3FD01E7C3F19005EA75B /* SendingStatusCollectionViewCell.swift in Sources */ = {isa = PBXBuildFile; fileRef = AC3E3FBE1E7C3F19005EA75B /* SendingStatusCollectionViewCell.swift */; };
		AC3E3FD11E7C3F19005EA75B /* SendingStatusPresenter.swift in Sources */ = {isa = PBXBuildFile; fileRef = AC3E3FBF1E7C3F19005EA75B /* SendingStatusPresenter.swift */; };
		AC3E3FD21E7C3F19005EA75B /* TimeSeparatorCollectionViewCell.swift in Sources */ = {isa = PBXBuildFile; fileRef = AC3E3FC01E7C3F19005EA75B /* TimeSeparatorCollectionViewCell.swift */; };
		AC3E3FD31E7C3F19005EA75B /* TimeSeparatorModel.swift in Sources */ = {isa = PBXBuildFile; fileRef = AC3E3FC11E7C3F19005EA75B /* TimeSeparatorModel.swift */; };
		AC3E3FD41E7C3F19005EA75B /* TimeSeparatorPresenter.swift in Sources */ = {isa = PBXBuildFile; fileRef = AC3E3FC21E7C3F19005EA75B /* TimeSeparatorPresenter.swift */; };
		AC3E3FD51E7C3F1D005EA75B /* BaseMessageHandler.swift in Sources */ = {isa = PBXBuildFile; fileRef = AC3E3FB11E7C3F19005EA75B /* BaseMessageHandler.swift */; };
		AC3E3FD61E7C3F21005EA75B /* PhotoMessageHandler.swift in Sources */ = {isa = PBXBuildFile; fileRef = AC3E3FB21E7C3F19005EA75B /* PhotoMessageHandler.swift */; };
		AC3E3FD71E7C3F27005EA75B /* PhotoMessageModel.swift in Sources */ = {isa = PBXBuildFile; fileRef = AC3E3FB31E7C3F19005EA75B /* PhotoMessageModel.swift */; };
		AC3E3FD81E7C3F27005EA75B /* PhotoMessageViewModel.swift in Sources */ = {isa = PBXBuildFile; fileRef = AC3E3FB41E7C3F19005EA75B /* PhotoMessageViewModel.swift */; };
		AC3E3FD91E7C3F27005EA75B /* TextMessageHandler.swift in Sources */ = {isa = PBXBuildFile; fileRef = AC3E3FB51E7C3F19005EA75B /* TextMessageHandler.swift */; };
		AC3E3FDA1E7C3F27005EA75B /* TextMessageModel.swift in Sources */ = {isa = PBXBuildFile; fileRef = AC3E3FB61E7C3F19005EA75B /* TextMessageModel.swift */; };
		AC3E3FDB1E7C3F27005EA75B /* TextMessageViewModel.swift in Sources */ = {isa = PBXBuildFile; fileRef = AC3E3FB71E7C3F19005EA75B /* TextMessageViewModel.swift */; };
		AC3E3FDC1E7C3F27005EA75B /* QueueMessageFactory.swift in Sources */ = {isa = PBXBuildFile; fileRef = AC3E3FB81E7C3F19005EA75B /* QueueMessageFactory.swift */; };
		AC3E3FDD1E7C3F27005EA75B /* ChatItemsDecorator.swift in Sources */ = {isa = PBXBuildFile; fileRef = AC3E3FB91E7C3F19005EA75B /* ChatItemsDecorator.swift */; };
		AC3E3FDE1E7C3F32005EA75B /* QueueDataSource.swift in Sources */ = {isa = PBXBuildFile; fileRef = AC3E3FBA1E7C3F19005EA75B /* QueueDataSource.swift */; };
		AC3E3FDF1E7C3F32005EA75B /* QueueMessageSender.swift in Sources */ = {isa = PBXBuildFile; fileRef = AC3E3FBB1E7C3F19005EA75B /* QueueMessageSender.swift */; };
		AC3E3FE01E7C3F32005EA75B /* SendingStatusCollectionViewCell.xib in Resources */ = {isa = PBXBuildFile; fileRef = AC3E3FBC1E7C3F19005EA75B /* SendingStatusCollectionViewCell.xib */; };
		AC3E3FE11E7C3F32005EA75B /* SlidingDatasSource.swift in Sources */ = {isa = PBXBuildFile; fileRef = AC3E3FBD1E7C3F19005EA75B /* SlidingDatasSource.swift */; };
		AC3E3FE21E7C3F32005EA75B /* SendingStatusCollectionViewCell.swift in Sources */ = {isa = PBXBuildFile; fileRef = AC3E3FBE1E7C3F19005EA75B /* SendingStatusCollectionViewCell.swift */; };
		AC3E3FE31E7C3F32005EA75B /* SendingStatusPresenter.swift in Sources */ = {isa = PBXBuildFile; fileRef = AC3E3FBF1E7C3F19005EA75B /* SendingStatusPresenter.swift */; };
		AC3E3FE41E7C3F32005EA75B /* TimeSeparatorCollectionViewCell.swift in Sources */ = {isa = PBXBuildFile; fileRef = AC3E3FC01E7C3F19005EA75B /* TimeSeparatorCollectionViewCell.swift */; };
		AC3E3FE51E7C3F32005EA75B /* TimeSeparatorModel.swift in Sources */ = {isa = PBXBuildFile; fileRef = AC3E3FC11E7C3F19005EA75B /* TimeSeparatorModel.swift */; };
		AC3E3FE61E7C3F32005EA75B /* TimeSeparatorPresenter.swift in Sources */ = {isa = PBXBuildFile; fileRef = AC3E3FC21E7C3F19005EA75B /* TimeSeparatorPresenter.swift */; };
		AC4D6A101D83366200B3AEB8 /* XMPPMessage+XEP_0245.m in Sources */ = {isa = PBXBuildFile; fileRef = AC4D6A0D1D83198100B3AEB8 /* XMPPMessage+XEP_0245.m */; };
		AC5D3EA51E1D7B2A00B3AEB8 /* RosterViewController.swift in Sources */ = {isa = PBXBuildFile; fileRef = AC5D3EA41E1D7B2A00B3AEB8 /* RosterViewController.swift */; };
		AC5D3EA61E1D7B3200B3AEB8 /* RosterViewController.swift in Sources */ = {isa = PBXBuildFile; fileRef = AC5D3EA41E1D7B2A00B3AEB8 /* RosterViewController.swift */; };
		AC77EA1B1E9C24DC005EA75B /* XMPPClientState.m in Sources */ = {isa = PBXBuildFile; fileRef = DD7C68841E8E381E00C22685 /* XMPPClientState.m */; };
		AC7859E21E48E25E00B3AEB8 /* AboutViewController.swift in Sources */ = {isa = PBXBuildFile; fileRef = AC7859E11E48E25E00B3AEB8 /* AboutViewController.swift */; };
		AC7B7D3A1DDE33D300B3AEB8 /* IM.storyboard in Resources */ = {isa = PBXBuildFile; fileRef = AC7B7D391DDE33D300B3AEB8 /* IM.storyboard */; };
		AC7B7D3C1DDE4DAF00B3AEB8 /* SocialMedia.swift in Sources */ = {isa = PBXBuildFile; fileRef = AC7B7D3B1DDE4DAF00B3AEB8 /* SocialMedia.swift */; };
		AC7B7D3D1DDE4DAF00B3AEB8 /* SocialMedia.swift in Sources */ = {isa = PBXBuildFile; fileRef = AC7B7D3B1DDE4DAF00B3AEB8 /* SocialMedia.swift */; };
		AC8020D71E13F88100B3AEB8 /* Main.storyboard in Resources */ = {isa = PBXBuildFile; fileRef = AC8020D61E13F88100B3AEB8 /* Main.storyboard */; };
		AC8020D81E13F88500B3AEB8 /* Main.storyboard in Resources */ = {isa = PBXBuildFile; fileRef = AC8020D61E13F88100B3AEB8 /* Main.storyboard */; };
		AC87CADF1DE35A7200B3AEB8 /* SocialMedia.storyboard in Resources */ = {isa = PBXBuildFile; fileRef = AC87CADE1DE35A7200B3AEB8 /* SocialMedia.storyboard */; };
		AC87CAE01DE3673600B3AEB8 /* IM.storyboard in Resources */ = {isa = PBXBuildFile; fileRef = AC7B7D391DDE33D300B3AEB8 /* IM.storyboard */; };
		AC87CAE11DE3673900B3AEB8 /* SocialMedia.storyboard in Resources */ = {isa = PBXBuildFile; fileRef = AC87CADE1DE35A7200B3AEB8 /* SocialMedia.storyboard */; };
		AC90864D1D9EF2BF00B3AEB8 /* XMPPMain.swift in Sources */ = {isa = PBXBuildFile; fileRef = AC90864C1D9EF2BF00B3AEB8 /* XMPPMain.swift */; };
		AC9F65F21D957ABD00B3AEB8 /* XMPPMessage+XEP_0313.m in Sources */ = {isa = PBXBuildFile; fileRef = C1CAEAA91D11DDEE006E2A49 /* XMPPMessage+XEP_0313.m */; };
		AC9F65F31D957ABD00B3AEB8 /* MembersViewController.swift in Sources */ = {isa = PBXBuildFile; fileRef = C135D9221CE3A0B400225EC7 /* MembersViewController.swift */; };
		AC9F65F41D957ABD00B3AEB8 /* MainViewController.swift in Sources */ = {isa = PBXBuildFile; fileRef = 81F8E8321CA0236A008099D1 /* MainViewController.swift */; };
		AC9F65F61D957ABD00B3AEB8 /* XMPPMUCCoreDataStorage.m in Sources */ = {isa = PBXBuildFile; fileRef = C1665E621CDA3BF20024A434 /* XMPPMUCCoreDataStorage.m */; };
		AC9F65F71D957ABD00B3AEB8 /* BlockingMembersViewController.swift in Sources */ = {isa = PBXBuildFile; fileRef = C1AEEF331D24059D00E25C48 /* BlockingMembersViewController.swift */; };
		AC9F65F81D957ABD00B3AEB8 /* XMPPRoom+ExtraActions.m in Sources */ = {isa = PBXBuildFile; fileRef = C12EA9531CDD172800F29606 /* XMPPRoom+ExtraActions.m */; };
		AC9F65F91D957ABD00B3AEB8 /* XMPPMessage+XEP_0245.m in Sources */ = {isa = PBXBuildFile; fileRef = AC4D6A0D1D83198100B3AEB8 /* XMPPMessage+XEP_0245.m */; };
		AC9F65FA1D957ABD00B3AEB8 /* MUCLightRoomViewController.swift in Sources */ = {isa = PBXBuildFile; fileRef = C1072DB31CEBAE7B0007B99E /* MUCLightRoomViewController.swift */; };
		AC9F65FB1D957ABD00B3AEB8 /* XMPPStreamManagementDiscStorage.m in Sources */ = {isa = PBXBuildFile; fileRef = E094FB5A1CE107550033E0E0 /* XMPPStreamManagementDiscStorage.m */; };
		AC9F65FC1D957ABD00B3AEB8 /* AuthenticationModel.swift in Sources */ = {isa = PBXBuildFile; fileRef = 811C5AB31CAC094D008346FE /* AuthenticationModel.swift */; };
		AC9F65FD1D957ABD00B3AEB8 /* AppDelegate.swift in Sources */ = {isa = PBXBuildFile; fileRef = 81ECA34F1C92CDE4000602F2 /* AppDelegate.swift */; };
		AC9F65FE1D957ABD00B3AEB8 /* XMPPMessageArchivingWithMAM.m in Sources */ = {isa = PBXBuildFile; fileRef = E037D85B1CEA6042008A7D61 /* XMPPMessageArchivingWithMAM.m */; };
		AC9F65FF1D957ABD00B3AEB8 /* XMPPController.swift in Sources */ = {isa = PBXBuildFile; fileRef = C19BA8011D243AB900F5BAB2 /* XMPPController.swift */; };
		AC9F66001D957ABD00B3AEB8 /* XMPPCustomRoomLight.m in Sources */ = {isa = PBXBuildFile; fileRef = C19BA8091D26D79D00F5BAB2 /* XMPPCustomRoomLight.m */; };
		AC9F66021D957ABD00B3AEB8 /* ClientState.swift in Sources */ = {isa = PBXBuildFile; fileRef = 813266A21CA18FFF00D4EDC0 /* ClientState.swift */; };
		AC9F66031D957ABD00B3AEB8 /* UIAlertController+Extension.swift in Sources */ = {isa = PBXBuildFile; fileRef = C1AEEF351D240EB700E25C48 /* UIAlertController+Extension.swift */; };
		AC9F66041D957ABD00B3AEB8 /* Constants.swift in Sources */ = {isa = PBXBuildFile; fileRef = 814D4CA41C970E6900AB28FA /* Constants.swift */; };
		AC9F66051D957ABD00B3AEB8 /* MUCRoomCreateViewController.swift in Sources */ = {isa = PBXBuildFile; fileRef = 81473D8F1CC10949006FCEC9 /* MUCRoomCreateViewController.swift */; };
		AC9F66061D957ABD00B3AEB8 /* LoginViewController.swift in Sources */ = {isa = PBXBuildFile; fileRef = 81F8E8341CA023B1008099D1 /* LoginViewController.swift */; };
		AC9F66071D957ABD00B3AEB8 /* TabBarController.swift in Sources */ = {isa = PBXBuildFile; fileRef = C19BA8031D2563C200F5BAB2 /* TabBarController.swift */; };
		AC9F66081D957ABD00B3AEB8 /* XMPPMessageAndMAMArchivingCoreDataStorage.m in Sources */ = {isa = PBXBuildFile; fileRef = C135D92A1CEB4DAD00225EC7 /* XMPPMessageAndMAMArchivingCoreDataStorage.m */; };
		AC9F66091D957ABD00B3AEB8 /* XMPPMUCStorer.m in Sources */ = {isa = PBXBuildFile; fileRef = C1665E5F1CD92FE30024A434 /* XMPPMUCStorer.m */; };
		AC9F660A1D957ABD00B3AEB8 /* XMPPServiceDiscovery.m in Sources */ = {isa = PBXBuildFile; fileRef = C160B9191CD1371B00ADAD99 /* XMPPServiceDiscovery.m */; };
		AC9F660E1D957ABD00B3AEB8 /* LogIn.storyboard in Resources */ = {isa = PBXBuildFile; fileRef = C135D9121CE257B700225EC7 /* LogIn.storyboard */; };
		AC9F660F1D957ABD00B3AEB8 /* MUCLight.storyboard in Resources */ = {isa = PBXBuildFile; fileRef = C1072DAC1CEB91300007B99E /* MUCLight.storyboard */; };
		AC9F66101D957ABD00B3AEB8 /* LaunchScreen.storyboard in Resources */ = {isa = PBXBuildFile; fileRef = 81ECA3581C92CDE4000602F2 /* LaunchScreen.storyboard */; };
		AC9F66111D957ABD00B3AEB8 /* Assets.xcassets in Resources */ = {isa = PBXBuildFile; fileRef = 81ECA3561C92CDE4000602F2 /* Assets.xcassets */; };
		AC9F66121D957ABD00B3AEB8 /* BlockingMembers.storyboard in Resources */ = {isa = PBXBuildFile; fileRef = C1AEEF311D24038600E25C48 /* BlockingMembers.storyboard */; };
		AC9F66141D957ABD00B3AEB8 /* Members.storyboard in Resources */ = {isa = PBXBuildFile; fileRef = C135D91C1CE39FFD00225EC7 /* Members.storyboard */; };
		AC9F66161D957ABD00B3AEB8 /* Roster.storyboard in Resources */ = {isa = PBXBuildFile; fileRef = C135D9181CE25E2000225EC7 /* Roster.storyboard */; };
		AC9F66171D957ABD00B3AEB8 /* Chat.storyboard in Resources */ = {isa = PBXBuildFile; fileRef = C135D91A1CE25FE200225EC7 /* Chat.storyboard */; };
		AC9F66511D957E5900B3AEB8 /* JID.swift in Sources */ = {isa = PBXBuildFile; fileRef = AC9F66361D957E5900B3AEB8 /* JID.swift */; };
		AC9F66521D957E5900B3AEB8 /* Message.swift in Sources */ = {isa = PBXBuildFile; fileRef = AC9F66371D957E5900B3AEB8 /* Message.swift */; };
		AC9F66531D957E5900B3AEB8 /* MongooseAPI.swift in Sources */ = {isa = PBXBuildFile; fileRef = AC9F66381D957E5900B3AEB8 /* MongooseAPI.swift */; };
		AC9F66551D957E5900B3AEB8 /* Room Message.swift in Sources */ = {isa = PBXBuildFile; fileRef = AC9F663A1D957E5900B3AEB8 /* Room Message.swift */; };
		AC9F66561D957E5900B3AEB8 /* Room.swift in Sources */ = {isa = PBXBuildFile; fileRef = AC9F663B1D957E5900B3AEB8 /* Room.swift */; };
		AC9F66571D957E5900B3AEB8 /* User.swift in Sources */ = {isa = PBXBuildFile; fileRef = AC9F663C1D957E5900B3AEB8 /* User.swift */; };
		ACA0458A1D99906900B3AEB8 /* MensajesRepository.swift in Sources */ = {isa = PBXBuildFile; fileRef = ACA045891D99906900B3AEB8 /* MensajesRepository.swift */; };
		ACA045931D999B8D00B3AEB8 /* MIMCommonInterfaceDelegate.swift in Sources */ = {isa = PBXBuildFile; fileRef = ACA045921D999B8D00B3AEB8 /* MIMCommonInterfaceDelegate.swift */; };
		ACA045941D999B8D00B3AEB8 /* MIMCommonInterfaceDelegate.swift in Sources */ = {isa = PBXBuildFile; fileRef = ACA045921D999B8D00B3AEB8 /* MIMCommonInterfaceDelegate.swift */; };
		ACA045961D99C26B00B3AEB8 /* RestMain.swift in Sources */ = {isa = PBXBuildFile; fileRef = ACA045951D99C26B00B3AEB8 /* RestMain.swift */; };
		ACA045981D9ACCC800B3AEB8 /* RoomsRepository.swift in Sources */ = {isa = PBXBuildFile; fileRef = ACA0458B1D99951100B3AEB8 /* RoomsRepository.swift */; };
		ACB2D2B61E1599FC00B3AEB8 /* Me.storyboard in Resources */ = {isa = PBXBuildFile; fileRef = ACB2D2B51E1599FC00B3AEB8 /* Me.storyboard */; };
		ACB2D2B71E1599FC00B3AEB8 /* Me.storyboard in Resources */ = {isa = PBXBuildFile; fileRef = ACB2D2B51E1599FC00B3AEB8 /* Me.storyboard */; };
		ACB2D2B91E16ABB000B3AEB8 /* Me.swift in Sources */ = {isa = PBXBuildFile; fileRef = ACB2D2B81E16ABB000B3AEB8 /* Me.swift */; };
		ACB2D2BA1E16ABB000B3AEB8 /* Me.swift in Sources */ = {isa = PBXBuildFile; fileRef = ACB2D2B81E16ABB000B3AEB8 /* Me.swift */; };
		ACB9196E1E329C0500B3AEB8 /* Settings.swift in Sources */ = {isa = PBXBuildFile; fileRef = ACED08301E28242000B3AEB8 /* Settings.swift */; };
		ACC255751DF6D5BF00B3AEB8 /* MUCLightCreateRoomPresenterViewController.swift in Sources */ = {isa = PBXBuildFile; fileRef = ACC255741DF6D5BF00B3AEB8 /* MUCLightCreateRoomPresenterViewController.swift */; };
		ACC255761DF6D5BF00B3AEB8 /* MUCLightCreateRoomPresenterViewController.swift in Sources */ = {isa = PBXBuildFile; fileRef = ACC255741DF6D5BF00B3AEB8 /* MUCLightCreateRoomPresenterViewController.swift */; };
		ACED08311E28242000B3AEB8 /* Settings.swift in Sources */ = {isa = PBXBuildFile; fileRef = ACED08301E28242000B3AEB8 /* Settings.swift */; };
		ACF0FAB21E806CA8005EA75B /* ChatViewController+Wallpaper.swift in Sources */ = {isa = PBXBuildFile; fileRef = ACF0FAB11E806CA8005EA75B /* ChatViewController+Wallpaper.swift */; };
		ACF0FAB31E806CA8005EA75B /* ChatViewController+Wallpaper.swift in Sources */ = {isa = PBXBuildFile; fileRef = ACF0FAB11E806CA8005EA75B /* ChatViewController+Wallpaper.swift */; };
		B746A60CC34A8AE4580308D8 /* Pods_Mangosta.framework in Frameworks */ = {isa = PBXBuildFile; fileRef = 45EDC673E01A9A698EAA88FD /* Pods_Mangosta.framework */; };
		C1072DAD1CEB91300007B99E /* MUCLight.storyboard in Resources */ = {isa = PBXBuildFile; fileRef = C1072DAC1CEB91300007B99E /* MUCLight.storyboard */; };
		C1072DB41CEBAE7B0007B99E /* MUCLightRoomViewController.swift in Sources */ = {isa = PBXBuildFile; fileRef = C1072DB31CEBAE7B0007B99E /* MUCLightRoomViewController.swift */; };
		C12EA9541CDD172800F29606 /* XMPPRoom+ExtraActions.m in Sources */ = {isa = PBXBuildFile; fileRef = C12EA9531CDD172800F29606 /* XMPPRoom+ExtraActions.m */; };
		C135D9131CE257B700225EC7 /* LogIn.storyboard in Resources */ = {isa = PBXBuildFile; fileRef = C135D9121CE257B700225EC7 /* LogIn.storyboard */; };
		C135D9191CE25E2000225EC7 /* Roster.storyboard in Resources */ = {isa = PBXBuildFile; fileRef = C135D9181CE25E2000225EC7 /* Roster.storyboard */; };
		C135D91B1CE25FE200225EC7 /* Chat.storyboard in Resources */ = {isa = PBXBuildFile; fileRef = C135D91A1CE25FE200225EC7 /* Chat.storyboard */; };
		C135D91D1CE39FFD00225EC7 /* Members.storyboard in Resources */ = {isa = PBXBuildFile; fileRef = C135D91C1CE39FFD00225EC7 /* Members.storyboard */; };
		C135D9231CE3A0B400225EC7 /* MembersViewController.swift in Sources */ = {isa = PBXBuildFile; fileRef = C135D9221CE3A0B400225EC7 /* MembersViewController.swift */; };
		C135D92B1CEB4DAD00225EC7 /* XMPPMessageAndMAMArchivingCoreDataStorage.m in Sources */ = {isa = PBXBuildFile; fileRef = C135D92A1CEB4DAD00225EC7 /* XMPPMessageAndMAMArchivingCoreDataStorage.m */; };
		C160B91A1CD1371B00ADAD99 /* XMPPServiceDiscovery.m in Sources */ = {isa = PBXBuildFile; fileRef = C160B9191CD1371B00ADAD99 /* XMPPServiceDiscovery.m */; };
		C1665E601CD92FE30024A434 /* XMPPMUCStorer.m in Sources */ = {isa = PBXBuildFile; fileRef = C1665E5F1CD92FE30024A434 /* XMPPMUCStorer.m */; };
		C1665E631CDA3BF20024A434 /* XMPPMUCCoreDataStorage.m in Sources */ = {isa = PBXBuildFile; fileRef = C1665E621CDA3BF20024A434 /* XMPPMUCCoreDataStorage.m */; };
		C19BA8021D243AB900F5BAB2 /* XMPPController.swift in Sources */ = {isa = PBXBuildFile; fileRef = C19BA8011D243AB900F5BAB2 /* XMPPController.swift */; };
		C19BA8041D2563C200F5BAB2 /* TabBarController.swift in Sources */ = {isa = PBXBuildFile; fileRef = C19BA8031D2563C200F5BAB2 /* TabBarController.swift */; };
		C19BA80A1D26D79D00F5BAB2 /* XMPPCustomRoomLight.m in Sources */ = {isa = PBXBuildFile; fileRef = C19BA8091D26D79D00F5BAB2 /* XMPPCustomRoomLight.m */; };
		C1AEEF321D24038600E25C48 /* BlockingMembers.storyboard in Resources */ = {isa = PBXBuildFile; fileRef = C1AEEF311D24038600E25C48 /* BlockingMembers.storyboard */; };
		C1AEEF341D24059D00E25C48 /* BlockingMembersViewController.swift in Sources */ = {isa = PBXBuildFile; fileRef = C1AEEF331D24059D00E25C48 /* BlockingMembersViewController.swift */; };
		C1AEEF361D240EB700E25C48 /* UIAlertController+Extension.swift in Sources */ = {isa = PBXBuildFile; fileRef = C1AEEF351D240EB700E25C48 /* UIAlertController+Extension.swift */; };
		C1CAEAAA1D11DDEE006E2A49 /* XMPPMessage+XEP_0313.m in Sources */ = {isa = PBXBuildFile; fileRef = C1CAEAA91D11DDEE006E2A49 /* XMPPMessage+XEP_0313.m */; };
		DD7C68851E8E381E00C22685 /* XMPPClientState.m in Sources */ = {isa = PBXBuildFile; fileRef = DD7C68841E8E381E00C22685 /* XMPPClientState.m */; };
		E037D85C1CEA6042008A7D61 /* XMPPMessageArchivingWithMAM.m in Sources */ = {isa = PBXBuildFile; fileRef = E037D85B1CEA6042008A7D61 /* XMPPMessageArchivingWithMAM.m */; };
		E094FB5B1CE107550033E0E0 /* XMPPStreamManagementDiscStorage.m in Sources */ = {isa = PBXBuildFile; fileRef = E094FB5A1CE107550033E0E0 /* XMPPStreamManagementDiscStorage.m */; };
/* End PBXBuildFile section */

/* Begin PBXContainerItemProxy section */
		81ECA3611C92CDE5000602F2 /* PBXContainerItemProxy */ = {
			isa = PBXContainerItemProxy;
			containerPortal = 81ECA3441C92CDE4000602F2 /* Project object */;
			proxyType = 1;
			remoteGlobalIDString = 81ECA34B1C92CDE4000602F2;
			remoteInfo = Mangosta;
		};
		81ECA36C1C92CDE5000602F2 /* PBXContainerItemProxy */ = {
			isa = PBXContainerItemProxy;
			containerPortal = 81ECA3441C92CDE4000602F2 /* Project object */;
			proxyType = 1;
			remoteGlobalIDString = 81ECA34B1C92CDE4000602F2;
			remoteInfo = Mangosta;
		};
/* End PBXContainerItemProxy section */

/* Begin PBXFileReference section */
		37AF37EA534DB10501DCAA9E /* Pods-Mangosta REST.debug.xcconfig */ = {isa = PBXFileReference; includeInIndex = 1; lastKnownFileType = text.xcconfig; name = "Pods-Mangosta REST.debug.xcconfig"; path = "Pods/Target Support Files/Pods-Mangosta REST/Pods-Mangosta REST.debug.xcconfig"; sourceTree = "<group>"; };
		42B6B5A8C0E60D128D86660C /* Pods_Mangosta_REST.framework */ = {isa = PBXFileReference; explicitFileType = wrapper.framework; includeInIndex = 0; path = Pods_Mangosta_REST.framework; sourceTree = BUILT_PRODUCTS_DIR; };
		45EDC673E01A9A698EAA88FD /* Pods_Mangosta.framework */ = {isa = PBXFileReference; explicitFileType = wrapper.framework; includeInIndex = 0; path = Pods_Mangosta.framework; sourceTree = BUILT_PRODUCTS_DIR; };
		811C5AB31CAC094D008346FE /* AuthenticationModel.swift */ = {isa = PBXFileReference; fileEncoding = 4; lastKnownFileType = sourcecode.swift; path = AuthenticationModel.swift; sourceTree = "<group>"; };
		813266A21CA18FFF00D4EDC0 /* ClientState.swift */ = {isa = PBXFileReference; fileEncoding = 4; lastKnownFileType = sourcecode.swift; path = ClientState.swift; sourceTree = "<group>"; };
		8142B8301CB6C7190095FCF1 /* Mangosta-Bridging-Header.h */ = {isa = PBXFileReference; lastKnownFileType = sourcecode.c.h; path = "Mangosta-Bridging-Header.h"; sourceTree = "<group>"; };
		81473D8C1CC10755006FCEC9 /* MUCRoomViewController.swift */ = {isa = PBXFileReference; fileEncoding = 4; lastKnownFileType = sourcecode.swift; path = MUCRoomViewController.swift; sourceTree = "<group>"; };
		81473D8F1CC10949006FCEC9 /* MUCRoomCreateViewController.swift */ = {isa = PBXFileReference; fileEncoding = 4; lastKnownFileType = sourcecode.swift; path = MUCRoomCreateViewController.swift; sourceTree = "<group>"; };
		814D4CA41C970E6900AB28FA /* Constants.swift */ = {isa = PBXFileReference; fileEncoding = 4; lastKnownFileType = sourcecode.swift; path = Constants.swift; sourceTree = "<group>"; };
		814D4CAA1C970F5500AB28FA /* XMPPFramework.h */ = {isa = PBXFileReference; lastKnownFileType = sourcecode.c.h; path = XMPPFramework.h; sourceTree = "<group>"; };
		81ECA34C1C92CDE4000602F2 /* Mangosta.app */ = {isa = PBXFileReference; explicitFileType = wrapper.application; includeInIndex = 0; path = Mangosta.app; sourceTree = BUILT_PRODUCTS_DIR; };
		81ECA34F1C92CDE4000602F2 /* AppDelegate.swift */ = {isa = PBXFileReference; lastKnownFileType = sourcecode.swift; path = AppDelegate.swift; sourceTree = "<group>"; };
		81ECA3561C92CDE4000602F2 /* Assets.xcassets */ = {isa = PBXFileReference; lastKnownFileType = folder.assetcatalog; path = Assets.xcassets; sourceTree = "<group>"; };
		81ECA3591C92CDE4000602F2 /* Base */ = {isa = PBXFileReference; lastKnownFileType = file.storyboard; name = Base; path = Base.lproj/LaunchScreen.storyboard; sourceTree = "<group>"; };
		81ECA35B1C92CDE4000602F2 /* Info.plist */ = {isa = PBXFileReference; lastKnownFileType = text.plist.xml; path = Info.plist; sourceTree = "<group>"; };
		81ECA3601C92CDE5000602F2 /* MangostaTests.xctest */ = {isa = PBXFileReference; explicitFileType = wrapper.cfbundle; includeInIndex = 0; path = MangostaTests.xctest; sourceTree = BUILT_PRODUCTS_DIR; };
		81ECA3641C92CDE5000602F2 /* MangostaTests.swift */ = {isa = PBXFileReference; lastKnownFileType = sourcecode.swift; path = MangostaTests.swift; sourceTree = "<group>"; };
		81ECA3661C92CDE5000602F2 /* Info.plist */ = {isa = PBXFileReference; lastKnownFileType = text.plist.xml; path = Info.plist; sourceTree = "<group>"; };
		81ECA36B1C92CDE5000602F2 /* MangostaUITests.xctest */ = {isa = PBXFileReference; explicitFileType = wrapper.cfbundle; includeInIndex = 0; path = MangostaUITests.xctest; sourceTree = BUILT_PRODUCTS_DIR; };
		81ECA36F1C92CDE5000602F2 /* MangostaUITests.swift */ = {isa = PBXFileReference; lastKnownFileType = sourcecode.swift; path = MangostaUITests.swift; sourceTree = "<group>"; };
		81ECA3711C92CDE5000602F2 /* Info.plist */ = {isa = PBXFileReference; lastKnownFileType = text.plist.xml; path = Info.plist; sourceTree = "<group>"; };
		81F8E8321CA0236A008099D1 /* MainViewController.swift */ = {isa = PBXFileReference; fileEncoding = 4; lastKnownFileType = sourcecode.swift; path = MainViewController.swift; sourceTree = "<group>"; };
		81F8E8341CA023B1008099D1 /* LoginViewController.swift */ = {isa = PBXFileReference; fileEncoding = 4; lastKnownFileType = sourcecode.swift; path = LoginViewController.swift; sourceTree = "<group>"; };
		81F8E8391CA03F3A008099D1 /* ChatViewController.swift */ = {isa = PBXFileReference; fileEncoding = 4; lastKnownFileType = sourcecode.swift; path = ChatViewController.swift; sourceTree = "<group>"; };
		AC3E3FB11E7C3F19005EA75B /* BaseMessageHandler.swift */ = {isa = PBXFileReference; fileEncoding = 4; lastKnownFileType = sourcecode.swift; path = BaseMessageHandler.swift; sourceTree = "<group>"; };
		AC3E3FB21E7C3F19005EA75B /* PhotoMessageHandler.swift */ = {isa = PBXFileReference; fileEncoding = 4; lastKnownFileType = sourcecode.swift; path = PhotoMessageHandler.swift; sourceTree = "<group>"; };
		AC3E3FB31E7C3F19005EA75B /* PhotoMessageModel.swift */ = {isa = PBXFileReference; fileEncoding = 4; lastKnownFileType = sourcecode.swift; path = PhotoMessageModel.swift; sourceTree = "<group>"; };
		AC3E3FB41E7C3F19005EA75B /* PhotoMessageViewModel.swift */ = {isa = PBXFileReference; fileEncoding = 4; lastKnownFileType = sourcecode.swift; lineEnding = 0; path = PhotoMessageViewModel.swift; sourceTree = "<group>"; xcLanguageSpecificationIdentifier = xcode.lang.swift; };
		AC3E3FB51E7C3F19005EA75B /* TextMessageHandler.swift */ = {isa = PBXFileReference; fileEncoding = 4; lastKnownFileType = sourcecode.swift; path = TextMessageHandler.swift; sourceTree = "<group>"; };
		AC3E3FB61E7C3F19005EA75B /* TextMessageModel.swift */ = {isa = PBXFileReference; fileEncoding = 4; lastKnownFileType = sourcecode.swift; path = TextMessageModel.swift; sourceTree = "<group>"; };
		AC3E3FB71E7C3F19005EA75B /* TextMessageViewModel.swift */ = {isa = PBXFileReference; fileEncoding = 4; lastKnownFileType = sourcecode.swift; path = TextMessageViewModel.swift; sourceTree = "<group>"; };
		AC3E3FB81E7C3F19005EA75B /* QueueMessageFactory.swift */ = {isa = PBXFileReference; fileEncoding = 4; lastKnownFileType = sourcecode.swift; lineEnding = 0; path = QueueMessageFactory.swift; sourceTree = "<group>"; xcLanguageSpecificationIdentifier = xcode.lang.swift; };
		AC3E3FB91E7C3F19005EA75B /* ChatItemsDecorator.swift */ = {isa = PBXFileReference; fileEncoding = 4; lastKnownFileType = sourcecode.swift; path = ChatItemsDecorator.swift; sourceTree = "<group>"; };
		AC3E3FBA1E7C3F19005EA75B /* QueueDataSource.swift */ = {isa = PBXFileReference; fileEncoding = 4; lastKnownFileType = sourcecode.swift; path = QueueDataSource.swift; sourceTree = "<group>"; };
		AC3E3FBB1E7C3F19005EA75B /* QueueMessageSender.swift */ = {isa = PBXFileReference; fileEncoding = 4; lastKnownFileType = sourcecode.swift; lineEnding = 0; path = QueueMessageSender.swift; sourceTree = "<group>"; xcLanguageSpecificationIdentifier = xcode.lang.swift; };
		AC3E3FBC1E7C3F19005EA75B /* SendingStatusCollectionViewCell.xib */ = {isa = PBXFileReference; fileEncoding = 4; lastKnownFileType = file.xib; path = SendingStatusCollectionViewCell.xib; sourceTree = "<group>"; };
		AC3E3FBD1E7C3F19005EA75B /* SlidingDatasSource.swift */ = {isa = PBXFileReference; fileEncoding = 4; lastKnownFileType = sourcecode.swift; path = SlidingDatasSource.swift; sourceTree = "<group>"; };
		AC3E3FBE1E7C3F19005EA75B /* SendingStatusCollectionViewCell.swift */ = {isa = PBXFileReference; fileEncoding = 4; lastKnownFileType = sourcecode.swift; path = SendingStatusCollectionViewCell.swift; sourceTree = "<group>"; };
		AC3E3FBF1E7C3F19005EA75B /* SendingStatusPresenter.swift */ = {isa = PBXFileReference; fileEncoding = 4; lastKnownFileType = sourcecode.swift; path = SendingStatusPresenter.swift; sourceTree = "<group>"; };
		AC3E3FC01E7C3F19005EA75B /* TimeSeparatorCollectionViewCell.swift */ = {isa = PBXFileReference; fileEncoding = 4; lastKnownFileType = sourcecode.swift; path = TimeSeparatorCollectionViewCell.swift; sourceTree = "<group>"; };
		AC3E3FC11E7C3F19005EA75B /* TimeSeparatorModel.swift */ = {isa = PBXFileReference; fileEncoding = 4; lastKnownFileType = sourcecode.swift; path = TimeSeparatorModel.swift; sourceTree = "<group>"; };
		AC3E3FC21E7C3F19005EA75B /* TimeSeparatorPresenter.swift */ = {isa = PBXFileReference; fileEncoding = 4; lastKnownFileType = sourcecode.swift; path = TimeSeparatorPresenter.swift; sourceTree = "<group>"; };
		AC4D6A0C1D83198100B3AEB8 /* XMPPMessage+XEP_0245.h */ = {isa = PBXFileReference; fileEncoding = 4; lastKnownFileType = sourcecode.c.h; name = "XMPPMessage+XEP_0245.h"; path = "../../Mangosta/Library/XMPPMessage+XEP_0245.h"; sourceTree = "<group>"; };
		AC4D6A0D1D83198100B3AEB8 /* XMPPMessage+XEP_0245.m */ = {isa = PBXFileReference; fileEncoding = 4; lastKnownFileType = sourcecode.c.objc; name = "XMPPMessage+XEP_0245.m"; path = "../../Mangosta/Library/XMPPMessage+XEP_0245.m"; sourceTree = "<group>"; };
		AC5D3EA41E1D7B2A00B3AEB8 /* RosterViewController.swift */ = {isa = PBXFileReference; fileEncoding = 4; lastKnownFileType = sourcecode.swift; path = RosterViewController.swift; sourceTree = "<group>"; };
		AC7859E11E48E25E00B3AEB8 /* AboutViewController.swift */ = {isa = PBXFileReference; fileEncoding = 4; lastKnownFileType = sourcecode.swift; path = AboutViewController.swift; sourceTree = "<group>"; };
		AC7B7D391DDE33D300B3AEB8 /* IM.storyboard */ = {isa = PBXFileReference; fileEncoding = 4; lastKnownFileType = file.storyboard; path = IM.storyboard; sourceTree = "<group>"; };
		AC7B7D3B1DDE4DAF00B3AEB8 /* SocialMedia.swift */ = {isa = PBXFileReference; fileEncoding = 4; lastKnownFileType = sourcecode.swift; path = SocialMedia.swift; sourceTree = "<group>"; };
		AC8020D61E13F88100B3AEB8 /* Main.storyboard */ = {isa = PBXFileReference; fileEncoding = 4; lastKnownFileType = file.storyboard; path = Main.storyboard; sourceTree = "<group>"; };
		AC87CADE1DE35A7200B3AEB8 /* SocialMedia.storyboard */ = {isa = PBXFileReference; fileEncoding = 4; lastKnownFileType = file.storyboard; path = SocialMedia.storyboard; sourceTree = "<group>"; };
		AC90864C1D9EF2BF00B3AEB8 /* XMPPMain.swift */ = {isa = PBXFileReference; fileEncoding = 4; lastKnownFileType = sourcecode.swift; name = XMPPMain.swift; path = Mangosta/Model/XMPPMain.swift; sourceTree = "<group>"; };
		AC9F661D1D957ABD00B3AEB8 /* Mangosta REST.app */ = {isa = PBXFileReference; explicitFileType = wrapper.application; includeInIndex = 0; path = "Mangosta REST.app"; sourceTree = BUILT_PRODUCTS_DIR; };
		AC9F661F1D957B9A00B3AEB8 /* REST-Info.plist */ = {isa = PBXFileReference; lastKnownFileType = text.plist.xml; name = "REST-Info.plist"; path = "Mangosta/REST-Info.plist"; sourceTree = SOURCE_ROOT; };
		AC9F66361D957E5900B3AEB8 /* JID.swift */ = {isa = PBXFileReference; fileEncoding = 4; lastKnownFileType = sourcecode.swift; path = JID.swift; sourceTree = "<group>"; };
		AC9F66371D957E5900B3AEB8 /* Message.swift */ = {isa = PBXFileReference; fileEncoding = 4; lastKnownFileType = sourcecode.swift; path = Message.swift; sourceTree = "<group>"; };
		AC9F66381D957E5900B3AEB8 /* MongooseAPI.swift */ = {isa = PBXFileReference; fileEncoding = 4; lastKnownFileType = sourcecode.swift; path = MongooseAPI.swift; sourceTree = "<group>"; };
		AC9F663A1D957E5900B3AEB8 /* Room Message.swift */ = {isa = PBXFileReference; fileEncoding = 4; lastKnownFileType = sourcecode.swift; path = "Room Message.swift"; sourceTree = "<group>"; };
		AC9F663B1D957E5900B3AEB8 /* Room.swift */ = {isa = PBXFileReference; fileEncoding = 4; lastKnownFileType = sourcecode.swift; path = Room.swift; sourceTree = "<group>"; };
		AC9F663C1D957E5900B3AEB8 /* User.swift */ = {isa = PBXFileReference; fileEncoding = 4; lastKnownFileType = sourcecode.swift; path = User.swift; sourceTree = "<group>"; };
		ACA045891D99906900B3AEB8 /* MensajesRepository.swift */ = {isa = PBXFileReference; fileEncoding = 4; lastKnownFileType = sourcecode.swift; path = MensajesRepository.swift; sourceTree = "<group>"; };
		ACA0458B1D99951100B3AEB8 /* RoomsRepository.swift */ = {isa = PBXFileReference; fileEncoding = 4; lastKnownFileType = sourcecode.swift; path = RoomsRepository.swift; sourceTree = "<group>"; };
		ACA045921D999B8D00B3AEB8 /* MIMCommonInterfaceDelegate.swift */ = {isa = PBXFileReference; fileEncoding = 4; lastKnownFileType = sourcecode.swift; name = MIMCommonInterfaceDelegate.swift; path = ../ViewControllers/MIMCommonInterfaceDelegate.swift; sourceTree = "<group>"; };
		ACA045951D99C26B00B3AEB8 /* RestMain.swift */ = {isa = PBXFileReference; fileEncoding = 4; lastKnownFileType = sourcecode.swift; path = RestMain.swift; sourceTree = "<group>"; };
		ACB2D2B51E1599FC00B3AEB8 /* Me.storyboard */ = {isa = PBXFileReference; fileEncoding = 4; lastKnownFileType = file.storyboard; path = Me.storyboard; sourceTree = "<group>"; };
		ACB2D2B81E16ABB000B3AEB8 /* Me.swift */ = {isa = PBXFileReference; fileEncoding = 4; lastKnownFileType = sourcecode.swift; path = Me.swift; sourceTree = "<group>"; };
		ACC255741DF6D5BF00B3AEB8 /* MUCLightCreateRoomPresenterViewController.swift */ = {isa = PBXFileReference; fileEncoding = 4; lastKnownFileType = sourcecode.swift; path = MUCLightCreateRoomPresenterViewController.swift; sourceTree = "<group>"; };
		ACED08301E28242000B3AEB8 /* Settings.swift */ = {isa = PBXFileReference; fileEncoding = 4; lastKnownFileType = sourcecode.swift; path = Settings.swift; sourceTree = "<group>"; };
		ACF0FAB11E806CA8005EA75B /* ChatViewController+Wallpaper.swift */ = {isa = PBXFileReference; fileEncoding = 4; lastKnownFileType = sourcecode.swift; path = "ChatViewController+Wallpaper.swift"; sourceTree = "<group>"; };
		C1072DAC1CEB91300007B99E /* MUCLight.storyboard */ = {isa = PBXFileReference; fileEncoding = 4; lastKnownFileType = file.storyboard; path = MUCLight.storyboard; sourceTree = "<group>"; };
		C1072DB31CEBAE7B0007B99E /* MUCLightRoomViewController.swift */ = {isa = PBXFileReference; fileEncoding = 4; lastKnownFileType = sourcecode.swift; path = MUCLightRoomViewController.swift; sourceTree = "<group>"; };
		C12EA9521CDD172800F29606 /* XMPPRoom+ExtraActions.h */ = {isa = PBXFileReference; fileEncoding = 4; lastKnownFileType = sourcecode.c.h; path = "XMPPRoom+ExtraActions.h"; sourceTree = "<group>"; };
		C12EA9531CDD172800F29606 /* XMPPRoom+ExtraActions.m */ = {isa = PBXFileReference; fileEncoding = 4; lastKnownFileType = sourcecode.c.objc; path = "XMPPRoom+ExtraActions.m"; sourceTree = "<group>"; };
		C135D9121CE257B700225EC7 /* LogIn.storyboard */ = {isa = PBXFileReference; fileEncoding = 4; lastKnownFileType = file.storyboard; path = LogIn.storyboard; sourceTree = "<group>"; };
		C135D9181CE25E2000225EC7 /* Roster.storyboard */ = {isa = PBXFileReference; fileEncoding = 4; lastKnownFileType = file.storyboard; path = Roster.storyboard; sourceTree = "<group>"; };
		C135D91A1CE25FE200225EC7 /* Chat.storyboard */ = {isa = PBXFileReference; fileEncoding = 4; lastKnownFileType = file.storyboard; path = Chat.storyboard; sourceTree = "<group>"; };
		C135D91C1CE39FFD00225EC7 /* Members.storyboard */ = {isa = PBXFileReference; fileEncoding = 4; lastKnownFileType = file.storyboard; path = Members.storyboard; sourceTree = "<group>"; };
		C135D9221CE3A0B400225EC7 /* MembersViewController.swift */ = {isa = PBXFileReference; fileEncoding = 4; lastKnownFileType = sourcecode.swift; path = MembersViewController.swift; sourceTree = "<group>"; };
		C135D9291CEB4DAD00225EC7 /* XMPPMessageAndMAMArchivingCoreDataStorage.h */ = {isa = PBXFileReference; fileEncoding = 4; lastKnownFileType = sourcecode.c.h; path = XMPPMessageAndMAMArchivingCoreDataStorage.h; sourceTree = "<group>"; };
		C135D92A1CEB4DAD00225EC7 /* XMPPMessageAndMAMArchivingCoreDataStorage.m */ = {isa = PBXFileReference; fileEncoding = 4; lastKnownFileType = sourcecode.c.objc; path = XMPPMessageAndMAMArchivingCoreDataStorage.m; sourceTree = "<group>"; };
		C160B9181CD1371B00ADAD99 /* XMPPServiceDiscovery.h */ = {isa = PBXFileReference; fileEncoding = 4; lastKnownFileType = sourcecode.c.h; path = XMPPServiceDiscovery.h; sourceTree = "<group>"; };
		C160B9191CD1371B00ADAD99 /* XMPPServiceDiscovery.m */ = {isa = PBXFileReference; fileEncoding = 4; lastKnownFileType = sourcecode.c.objc; path = XMPPServiceDiscovery.m; sourceTree = "<group>"; };
		C1665E5E1CD92FE30024A434 /* XMPPMUCStorer.h */ = {isa = PBXFileReference; fileEncoding = 4; lastKnownFileType = sourcecode.c.h; path = XMPPMUCStorer.h; sourceTree = "<group>"; };
		C1665E5F1CD92FE30024A434 /* XMPPMUCStorer.m */ = {isa = PBXFileReference; fileEncoding = 4; lastKnownFileType = sourcecode.c.objc; path = XMPPMUCStorer.m; sourceTree = "<group>"; };
		C1665E611CDA3BF20024A434 /* XMPPMUCCoreDataStorage.h */ = {isa = PBXFileReference; fileEncoding = 4; lastKnownFileType = sourcecode.c.h; path = XMPPMUCCoreDataStorage.h; sourceTree = "<group>"; };
		C1665E621CDA3BF20024A434 /* XMPPMUCCoreDataStorage.m */ = {isa = PBXFileReference; fileEncoding = 4; lastKnownFileType = sourcecode.c.objc; path = XMPPMUCCoreDataStorage.m; sourceTree = "<group>"; };
		C19BA8011D243AB900F5BAB2 /* XMPPController.swift */ = {isa = PBXFileReference; fileEncoding = 4; lastKnownFileType = sourcecode.swift; path = XMPPController.swift; sourceTree = "<group>"; };
		C19BA8031D2563C200F5BAB2 /* TabBarController.swift */ = {isa = PBXFileReference; fileEncoding = 4; lastKnownFileType = sourcecode.swift; path = TabBarController.swift; sourceTree = "<group>"; };
		C19BA8081D26D79D00F5BAB2 /* XMPPCustomRoomLight.h */ = {isa = PBXFileReference; fileEncoding = 4; lastKnownFileType = sourcecode.c.h; path = XMPPCustomRoomLight.h; sourceTree = "<group>"; };
		C19BA8091D26D79D00F5BAB2 /* XMPPCustomRoomLight.m */ = {isa = PBXFileReference; fileEncoding = 4; lastKnownFileType = sourcecode.c.objc; path = XMPPCustomRoomLight.m; sourceTree = "<group>"; };
		C1AEEF311D24038600E25C48 /* BlockingMembers.storyboard */ = {isa = PBXFileReference; fileEncoding = 4; lastKnownFileType = file.storyboard; path = BlockingMembers.storyboard; sourceTree = "<group>"; };
		C1AEEF331D24059D00E25C48 /* BlockingMembersViewController.swift */ = {isa = PBXFileReference; fileEncoding = 4; lastKnownFileType = sourcecode.swift; path = BlockingMembersViewController.swift; sourceTree = "<group>"; };
		C1AEEF351D240EB700E25C48 /* UIAlertController+Extension.swift */ = {isa = PBXFileReference; fileEncoding = 4; lastKnownFileType = sourcecode.swift; path = "UIAlertController+Extension.swift"; sourceTree = "<group>"; };
		C1CAEAA81D11DDEE006E2A49 /* XMPPMessage+XEP_0313.h */ = {isa = PBXFileReference; fileEncoding = 4; lastKnownFileType = sourcecode.c.h; path = "XMPPMessage+XEP_0313.h"; sourceTree = "<group>"; };
		C1CAEAA91D11DDEE006E2A49 /* XMPPMessage+XEP_0313.m */ = {isa = PBXFileReference; fileEncoding = 4; lastKnownFileType = sourcecode.c.objc; path = "XMPPMessage+XEP_0313.m"; sourceTree = "<group>"; };
		DD7C68831E8E381E00C22685 /* XMPPClientState.h */ = {isa = PBXFileReference; fileEncoding = 4; lastKnownFileType = sourcecode.c.h; path = XMPPClientState.h; sourceTree = "<group>"; };
		DD7C68841E8E381E00C22685 /* XMPPClientState.m */ = {isa = PBXFileReference; fileEncoding = 4; lastKnownFileType = sourcecode.c.objc; path = XMPPClientState.m; sourceTree = "<group>"; };
		E037D85A1CEA6042008A7D61 /* XMPPMessageArchivingWithMAM.h */ = {isa = PBXFileReference; fileEncoding = 4; lastKnownFileType = sourcecode.c.h; path = XMPPMessageArchivingWithMAM.h; sourceTree = "<group>"; };
		E037D85B1CEA6042008A7D61 /* XMPPMessageArchivingWithMAM.m */ = {isa = PBXFileReference; fileEncoding = 4; lastKnownFileType = sourcecode.c.objc; path = XMPPMessageArchivingWithMAM.m; sourceTree = "<group>"; };
		E094FB591CE107550033E0E0 /* XMPPStreamManagementDiscStorage.h */ = {isa = PBXFileReference; fileEncoding = 4; lastKnownFileType = sourcecode.c.h; path = XMPPStreamManagementDiscStorage.h; sourceTree = "<group>"; };
		E094FB5A1CE107550033E0E0 /* XMPPStreamManagementDiscStorage.m */ = {isa = PBXFileReference; fileEncoding = 4; lastKnownFileType = sourcecode.c.objc; path = XMPPStreamManagementDiscStorage.m; sourceTree = "<group>"; };
		E0ED70069EEE9C42A3458F39 /* Pods-Mangosta REST.release.xcconfig */ = {isa = PBXFileReference; includeInIndex = 1; lastKnownFileType = text.xcconfig; name = "Pods-Mangosta REST.release.xcconfig"; path = "Pods/Target Support Files/Pods-Mangosta REST/Pods-Mangosta REST.release.xcconfig"; sourceTree = "<group>"; };
		FB21A84DE3DB4A7D04D49713 /* Pods-Mangosta.debug.xcconfig */ = {isa = PBXFileReference; includeInIndex = 1; lastKnownFileType = text.xcconfig; name = "Pods-Mangosta.debug.xcconfig"; path = "Pods/Target Support Files/Pods-Mangosta/Pods-Mangosta.debug.xcconfig"; sourceTree = "<group>"; };
		FC0B48606E9587DFCED6A206 /* Pods-Mangosta.release.xcconfig */ = {isa = PBXFileReference; includeInIndex = 1; lastKnownFileType = text.xcconfig; name = "Pods-Mangosta.release.xcconfig"; path = "Pods/Target Support Files/Pods-Mangosta/Pods-Mangosta.release.xcconfig"; sourceTree = "<group>"; };
/* End PBXFileReference section */

/* Begin PBXFrameworksBuildPhase section */
		81ECA3491C92CDE4000602F2 /* Frameworks */ = {
			isa = PBXFrameworksBuildPhase;
			buildActionMask = 2147483647;
			files = (
				B746A60CC34A8AE4580308D8 /* Pods_Mangosta.framework in Frameworks */,
			);
			runOnlyForDeploymentPostprocessing = 0;
		};
		81ECA35D1C92CDE5000602F2 /* Frameworks */ = {
			isa = PBXFrameworksBuildPhase;
			buildActionMask = 2147483647;
			files = (
			);
			runOnlyForDeploymentPostprocessing = 0;
		};
		81ECA3681C92CDE5000602F2 /* Frameworks */ = {
			isa = PBXFrameworksBuildPhase;
			buildActionMask = 2147483647;
			files = (
			);
			runOnlyForDeploymentPostprocessing = 0;
		};
		AC9F660B1D957ABD00B3AEB8 /* Frameworks */ = {
			isa = PBXFrameworksBuildPhase;
			buildActionMask = 2147483647;
			files = (
				4DA3EB6DE1F95ABA8052A45D /* Pods_Mangosta_REST.framework in Frameworks */,
			);
			runOnlyForDeploymentPostprocessing = 0;
		};
/* End PBXFrameworksBuildPhase section */

/* Begin PBXGroup section */
		5F3F0F6B356B45735073478E /* Pods */ = {
			isa = PBXGroup;
			children = (
				FB21A84DE3DB4A7D04D49713 /* Pods-Mangosta.debug.xcconfig */,
				FC0B48606E9587DFCED6A206 /* Pods-Mangosta.release.xcconfig */,
				37AF37EA534DB10501DCAA9E /* Pods-Mangosta REST.debug.xcconfig */,
				E0ED70069EEE9C42A3458F39 /* Pods-Mangosta REST.release.xcconfig */,
			);
			name = Pods;
			sourceTree = "<group>";
		};
		811C5AB21CAC094D008346FE /* Model */ = {
			isa = PBXGroup;
			children = (
				ACED08301E28242000B3AEB8 /* Settings.swift */,
				811C5AB31CAC094D008346FE /* AuthenticationModel.swift */,
				ACA045921D999B8D00B3AEB8 /* MIMCommonInterfaceDelegate.swift */,
			);
			path = Model;
			sourceTree = "<group>";
		};
		813266A41CA2B63600D4EDC0 /* XEP-0198 */ = {
			isa = PBXGroup;
			children = (
				E094FB591CE107550033E0E0 /* XMPPStreamManagementDiscStorage.h */,
				E094FB5A1CE107550033E0E0 /* XMPPStreamManagementDiscStorage.m */,
			);
			name = "XEP-0198";
			path = Subclasses;
			sourceTree = "<group>";
		};
		81473D8E1CC1092D006FCEC9 /* MUC Rooms */ = {
			isa = PBXGroup;
			children = (
				81473D8C1CC10755006FCEC9 /* MUCRoomViewController.swift */,
				C1072DB31CEBAE7B0007B99E /* MUCLightRoomViewController.swift */,
				81473D8F1CC10949006FCEC9 /* MUCRoomCreateViewController.swift */,
			);
			name = "MUC Rooms";
			sourceTree = "<group>";
		};
		814D4CA31C970E5B00AB28FA /* Library */ = {
			isa = PBXGroup;
			children = (
				AC77EA1C1E9D1DAC005EA75B /* XEP_0313 */,
				8142B8301CB6C7190095FCF1 /* Mangosta-Bridging-Header.h */,
				813266A21CA18FFF00D4EDC0 /* ClientState.swift */,
				C160B9171CD1364A00ADAD99 /* XEP-0030 */,
				C12EA9511CDD16EF00F29606 /* XEP-0045 */,
				813266A41CA2B63600D4EDC0 /* XEP-0198 */,
				AC4D6A0E1D83198100B3AEB8 /* XEP-0245 */,
				DD7C68821E8E37CE00C22685 /* XEP-0352 */,
				C1665E5E1CD92FE30024A434 /* XMPPMUCStorer.h */,
				C1665E5F1CD92FE30024A434 /* XMPPMUCStorer.m */,
				C1665E611CDA3BF20024A434 /* XMPPMUCCoreDataStorage.h */,
				C1665E621CDA3BF20024A434 /* XMPPMUCCoreDataStorage.m */,
				E037D85A1CEA6042008A7D61 /* XMPPMessageArchivingWithMAM.h */,
				E037D85B1CEA6042008A7D61 /* XMPPMessageArchivingWithMAM.m */,
				C135D9291CEB4DAD00225EC7 /* XMPPMessageAndMAMArchivingCoreDataStorage.h */,
				C135D92A1CEB4DAD00225EC7 /* XMPPMessageAndMAMArchivingCoreDataStorage.m */,
				C19BA8081D26D79D00F5BAB2 /* XMPPCustomRoomLight.h */,
				C19BA8091D26D79D00F5BAB2 /* XMPPCustomRoomLight.m */,
			);
			path = Library;
			sourceTree = "<group>";
		};
		81ECA3431C92CDE4000602F2 = {
			isa = PBXGroup;
			children = (
				C19BA8011D243AB900F5BAB2 /* XMPPController.swift */,
				81ECA34E1C92CDE4000602F2 /* Mangosta */,
				81ECA3631C92CDE5000602F2 /* MangostaTests */,
				81ECA36E1C92CDE5000602F2 /* MangostaUITests */,
				81ECA34D1C92CDE4000602F2 /* Products */,
				B33D3D8D4E4D849C96046E78 /* Frameworks */,
				5F3F0F6B356B45735073478E /* Pods */,
			);
			sourceTree = "<group>";
		};
		81ECA34D1C92CDE4000602F2 /* Products */ = {
			isa = PBXGroup;
			children = (
				81ECA34C1C92CDE4000602F2 /* Mangosta.app */,
				81ECA3601C92CDE5000602F2 /* MangostaTests.xctest */,
				81ECA36B1C92CDE5000602F2 /* MangostaUITests.xctest */,
				AC9F661D1D957ABD00B3AEB8 /* Mangosta REST.app */,
			);
			name = Products;
			sourceTree = "<group>";
		};
		81ECA34E1C92CDE4000602F2 /* Mangosta */ = {
			isa = PBXGroup;
			children = (
				C1AEEF351D240EB700E25C48 /* UIAlertController+Extension.swift */,
				81ECA34F1C92CDE4000602F2 /* AppDelegate.swift */,
				C12EA9551CE255C800F29606 /* User Interface */,
				811C5AB21CAC094D008346FE /* Model */,
				AC7482A41E03129400B3AEB8 /* XMPP */,
				81F8E8311CA02369008099D1 /* ViewControllers */,
				81ECA3561C92CDE4000602F2 /* Assets.xcassets */,
				81ECA3581C92CDE4000602F2 /* LaunchScreen.storyboard */,
				81ECA35B1C92CDE4000602F2 /* Info.plist */,
				814D4CAA1C970F5500AB28FA /* XMPPFramework.h */,
				814D4CA41C970E6900AB28FA /* Constants.swift */,
				AC9F66351D957E5900B3AEB8 /* REST */,
				814D4CA31C970E5B00AB28FA /* Library */,
			);
			path = Mangosta;
			sourceTree = "<group>";
		};
		81ECA3631C92CDE5000602F2 /* MangostaTests */ = {
			isa = PBXGroup;
			children = (
				81ECA3641C92CDE5000602F2 /* MangostaTests.swift */,
				81ECA3661C92CDE5000602F2 /* Info.plist */,
			);
			path = MangostaTests;
			sourceTree = "<group>";
		};
		81ECA36E1C92CDE5000602F2 /* MangostaUITests */ = {
			isa = PBXGroup;
			children = (
				81ECA36F1C92CDE5000602F2 /* MangostaUITests.swift */,
				81ECA3711C92CDE5000602F2 /* Info.plist */,
			);
			path = MangostaUITests;
			sourceTree = "<group>";
		};
		81F8E8311CA02369008099D1 /* ViewControllers */ = {
			isa = PBXGroup;
			children = (
				AC3E3FE71E7C3F3C005EA75B /* ChatUI */,
				C19BA8031D2563C200F5BAB2 /* TabBarController.swift */,
				81F8E8341CA023B1008099D1 /* LoginViewController.swift */,
				81F8E8321CA0236A008099D1 /* MainViewController.swift */,
				ACB2D2B81E16ABB000B3AEB8 /* Me.swift */,
				AC5D3EA41E1D7B2A00B3AEB8 /* RosterViewController.swift */,
				C1AEEF331D24059D00E25C48 /* BlockingMembersViewController.swift */,
				81F8E8391CA03F3A008099D1 /* ChatViewController.swift */,
				AC7B7D3B1DDE4DAF00B3AEB8 /* SocialMedia.swift */,
				C135D9221CE3A0B400225EC7 /* MembersViewController.swift */,
				81473D8E1CC1092D006FCEC9 /* MUC Rooms */,
				ACC255741DF6D5BF00B3AEB8 /* MUCLightCreateRoomPresenterViewController.swift */,
				AC7859E11E48E25E00B3AEB8 /* AboutViewController.swift */,
			);
			path = ViewControllers;
			sourceTree = "<group>";
		};
		AC3E3FE71E7C3F3C005EA75B /* ChatUI */ = {
			isa = PBXGroup;
			children = (
				AC3E3FB11E7C3F19005EA75B /* BaseMessageHandler.swift */,
				AC3E3FB21E7C3F19005EA75B /* PhotoMessageHandler.swift */,
				AC3E3FB31E7C3F19005EA75B /* PhotoMessageModel.swift */,
				AC3E3FB41E7C3F19005EA75B /* PhotoMessageViewModel.swift */,
				AC3E3FB51E7C3F19005EA75B /* TextMessageHandler.swift */,
				AC3E3FB61E7C3F19005EA75B /* TextMessageModel.swift */,
				AC3E3FB71E7C3F19005EA75B /* TextMessageViewModel.swift */,
				AC3E3FB91E7C3F19005EA75B /* ChatItemsDecorator.swift */,
				AC3E3FB81E7C3F19005EA75B /* QueueMessageFactory.swift */,
				AC3E3FBA1E7C3F19005EA75B /* QueueDataSource.swift */,
				AC3E3FBB1E7C3F19005EA75B /* QueueMessageSender.swift */,
				AC3E3FBC1E7C3F19005EA75B /* SendingStatusCollectionViewCell.xib */,
				AC3E3FBD1E7C3F19005EA75B /* SlidingDatasSource.swift */,
				AC3E3FBE1E7C3F19005EA75B /* SendingStatusCollectionViewCell.swift */,
				AC3E3FBF1E7C3F19005EA75B /* SendingStatusPresenter.swift */,
				AC3E3FC01E7C3F19005EA75B /* TimeSeparatorCollectionViewCell.swift */,
				AC3E3FC11E7C3F19005EA75B /* TimeSeparatorModel.swift */,
				AC3E3FC21E7C3F19005EA75B /* TimeSeparatorPresenter.swift */,
				ACF0FAB11E806CA8005EA75B /* ChatViewController+Wallpaper.swift */,
			);
			name = ChatUI;
			sourceTree = "<group>";
		};
		AC4D6A0E1D83198100B3AEB8 /* XEP-0245 */ = {
			isa = PBXGroup;
			children = (
				AC4D6A0C1D83198100B3AEB8 /* XMPPMessage+XEP_0245.h */,
				AC4D6A0D1D83198100B3AEB8 /* XMPPMessage+XEP_0245.m */,
			);
			name = "XEP-0245";
			path = ../../Pods/XMPPFramework;
			sourceTree = "<group>";
		};
		AC7482A41E03129400B3AEB8 /* XMPP */ = {
			isa = PBXGroup;
			children = (
				AC90864C1D9EF2BF00B3AEB8 /* XMPPMain.swift */,
			);
			name = XMPP;
			path = ..;
			sourceTree = "<group>";
		};
		AC77EA1C1E9D1DAC005EA75B /* XEP_0313 */ = {
			isa = PBXGroup;
			children = (
				C1CAEAA81D11DDEE006E2A49 /* XMPPMessage+XEP_0313.h */,
				C1CAEAA91D11DDEE006E2A49 /* XMPPMessage+XEP_0313.m */,
			);
			name = XEP_0313;
			sourceTree = "<group>";
		};
		AC9F66351D957E5900B3AEB8 /* REST */ = {
			isa = PBXGroup;
			children = (
				ACA0458B1D99951100B3AEB8 /* RoomsRepository.swift */,
				AC9F663B1D957E5900B3AEB8 /* Room.swift */,
				AC9F66361D957E5900B3AEB8 /* JID.swift */,
				ACA045891D99906900B3AEB8 /* MensajesRepository.swift */,
				AC9F66371D957E5900B3AEB8 /* Message.swift */,
				AC9F66381D957E5900B3AEB8 /* MongooseAPI.swift */,
				AC9F663A1D957E5900B3AEB8 /* Room Message.swift */,
				AC9F663C1D957E5900B3AEB8 /* User.swift */,
				AC9F661F1D957B9A00B3AEB8 /* REST-Info.plist */,
				ACA045951D99C26B00B3AEB8 /* RestMain.swift */,
			);
			path = REST;
			sourceTree = "<group>";
		};
		B33D3D8D4E4D849C96046E78 /* Frameworks */ = {
			isa = PBXGroup;
			children = (
				45EDC673E01A9A698EAA88FD /* Pods_Mangosta.framework */,
				42B6B5A8C0E60D128D86660C /* Pods_Mangosta_REST.framework */,
			);
			name = Frameworks;
			sourceTree = "<group>";
		};
		C12EA9511CDD16EF00F29606 /* XEP-0045 */ = {
			isa = PBXGroup;
			children = (
				C12EA9521CDD172800F29606 /* XMPPRoom+ExtraActions.h */,
				C12EA9531CDD172800F29606 /* XMPPRoom+ExtraActions.m */,
			);
			name = "XEP-0045";
			sourceTree = "<group>";
		};
		C12EA9551CE255C800F29606 /* User Interface */ = {
			isa = PBXGroup;
			children = (
				C135D9121CE257B700225EC7 /* LogIn.storyboard */,
				AC8020D61E13F88100B3AEB8 /* Main.storyboard */,
				ACB2D2B51E1599FC00B3AEB8 /* Me.storyboard */,
				C135D9181CE25E2000225EC7 /* Roster.storyboard */,
				C1AEEF311D24038600E25C48 /* BlockingMembers.storyboard */,
				AC7B7D391DDE33D300B3AEB8 /* IM.storyboard */,
				C135D91A1CE25FE200225EC7 /* Chat.storyboard */,
				C1072DAC1CEB91300007B99E /* MUCLight.storyboard */,
				AC87CADE1DE35A7200B3AEB8 /* SocialMedia.storyboard */,
				C135D91C1CE39FFD00225EC7 /* Members.storyboard */,
			);
			name = "User Interface";
			sourceTree = "<group>";
		};
		C160B9171CD1364A00ADAD99 /* XEP-0030 */ = {
			isa = PBXGroup;
			children = (
				C160B9181CD1371B00ADAD99 /* XMPPServiceDiscovery.h */,
				C160B9191CD1371B00ADAD99 /* XMPPServiceDiscovery.m */,
			);
			name = "XEP-0030";
			sourceTree = "<group>";
		};
		DD7C68821E8E37CE00C22685 /* XEP-0352 */ = {
			isa = PBXGroup;
			children = (
				DD7C68831E8E381E00C22685 /* XMPPClientState.h */,
				DD7C68841E8E381E00C22685 /* XMPPClientState.m */,
			);
			name = "XEP-0352";
			sourceTree = "<group>";
		};
/* End PBXGroup section */

/* Begin PBXNativeTarget section */
		81ECA34B1C92CDE4000602F2 /* Mangosta */ = {
			isa = PBXNativeTarget;
			buildConfigurationList = 81ECA3741C92CDE5000602F2 /* Build configuration list for PBXNativeTarget "Mangosta" */;
			buildPhases = (
				7E863CD5034DCF96CD453549 /* [CP] Check Pods Manifest.lock */,
				81ECA3481C92CDE4000602F2 /* Sources */,
				81ECA3491C92CDE4000602F2 /* Frameworks */,
				81ECA34A1C92CDE4000602F2 /* Resources */,
				AC3A3D9B1DB80AD900B3AEB8 /* ShellScript */,
				A0EC5B1B2BEBDE2F6CE565F8 /* [CP] Embed Pods Frameworks */,
				8969D462D1D92C7AFFCAD0E9 /* [CP] Copy Pods Resources */,
			);
			buildRules = (
			);
			dependencies = (
			);
			name = Mangosta;
			productName = Mangosta;
			productReference = 81ECA34C1C92CDE4000602F2 /* Mangosta.app */;
			productType = "com.apple.product-type.application";
		};
		81ECA35F1C92CDE5000602F2 /* MangostaTests */ = {
			isa = PBXNativeTarget;
			buildConfigurationList = 81ECA3771C92CDE5000602F2 /* Build configuration list for PBXNativeTarget "MangostaTests" */;
			buildPhases = (
				81ECA35C1C92CDE5000602F2 /* Sources */,
				81ECA35D1C92CDE5000602F2 /* Frameworks */,
				81ECA35E1C92CDE5000602F2 /* Resources */,
			);
			buildRules = (
			);
			dependencies = (
				81ECA3621C92CDE5000602F2 /* PBXTargetDependency */,
			);
			name = MangostaTests;
			productName = MangostaTests;
			productReference = 81ECA3601C92CDE5000602F2 /* MangostaTests.xctest */;
			productType = "com.apple.product-type.bundle.unit-test";
		};
		81ECA36A1C92CDE5000602F2 /* MangostaUITests */ = {
			isa = PBXNativeTarget;
			buildConfigurationList = 81ECA37A1C92CDE5000602F2 /* Build configuration list for PBXNativeTarget "MangostaUITests" */;
			buildPhases = (
				81ECA3671C92CDE5000602F2 /* Sources */,
				81ECA3681C92CDE5000602F2 /* Frameworks */,
				81ECA3691C92CDE5000602F2 /* Resources */,
			);
			buildRules = (
			);
			dependencies = (
				81ECA36D1C92CDE5000602F2 /* PBXTargetDependency */,
			);
			name = MangostaUITests;
			productName = MangostaUITests;
			productReference = 81ECA36B1C92CDE5000602F2 /* MangostaUITests.xctest */;
			productType = "com.apple.product-type.bundle.ui-testing";
		};
		AC9F65EF1D957ABD00B3AEB8 /* Mangosta REST */ = {
			isa = PBXNativeTarget;
			buildConfigurationList = AC9F661A1D957ABD00B3AEB8 /* Build configuration list for PBXNativeTarget "Mangosta REST" */;
			buildPhases = (
				B1ECC4F6975FDE1867B04793 /* [CP] Check Pods Manifest.lock */,
				AC9F65F11D957ABD00B3AEB8 /* Sources */,
				AC9F660B1D957ABD00B3AEB8 /* Frameworks */,
				AC9F660D1D957ABD00B3AEB8 /* Resources */,
				AC3A3D9C1DB80AEA00B3AEB8 /* ShellScript */,
				99DFC97670A3F6F624B07A5D /* [CP] Embed Pods Frameworks */,
				2FDD0EC4DBEE8A006D8DDB9E /* [CP] Copy Pods Resources */,
			);
			buildRules = (
			);
			dependencies = (
			);
			name = "Mangosta REST";
			productName = Mangosta;
			productReference = AC9F661D1D957ABD00B3AEB8 /* Mangosta REST.app */;
			productType = "com.apple.product-type.application";
		};
/* End PBXNativeTarget section */

/* Begin PBXProject section */
		81ECA3441C92CDE4000602F2 /* Project object */ = {
			isa = PBXProject;
			attributes = {
				LastSwiftUpdateCheck = 0730;
				LastUpgradeCheck = 0820;
				ORGANIZATIONNAME = Inaka;
				TargetAttributes = {
					81ECA34B1C92CDE4000602F2 = {
						CreatedOnToolsVersion = 7.2.1;
						DevelopmentTeam = RN98T2SU3Z;
						LastSwiftMigration = 0820;
					};
					81ECA35F1C92CDE5000602F2 = {
						CreatedOnToolsVersion = 7.2.1;
						LastSwiftMigration = 0820;
						TestTargetID = 81ECA34B1C92CDE4000602F2;
					};
					81ECA36A1C92CDE5000602F2 = {
						CreatedOnToolsVersion = 7.2.1;
						LastSwiftMigration = 0820;
						TestTargetID = 81ECA34B1C92CDE4000602F2;
					};
					AC9F65EF1D957ABD00B3AEB8 = {
						DevelopmentTeam = RN98T2SU3Z;
						LastSwiftMigration = 0820;
					};
				};
			};
			buildConfigurationList = 81ECA3471C92CDE4000602F2 /* Build configuration list for PBXProject "Mangosta" */;
			compatibilityVersion = "Xcode 3.2";
			developmentRegion = English;
			hasScannedForEncodings = 0;
			knownRegions = (
				Base,
			);
			mainGroup = 81ECA3431C92CDE4000602F2;
			productRefGroup = 81ECA34D1C92CDE4000602F2 /* Products */;
			projectDirPath = "";
			projectRoot = "";
			targets = (
				81ECA34B1C92CDE4000602F2 /* Mangosta */,
				81ECA35F1C92CDE5000602F2 /* MangostaTests */,
				81ECA36A1C92CDE5000602F2 /* MangostaUITests */,
				AC9F65EF1D957ABD00B3AEB8 /* Mangosta REST */,
			);
		};
/* End PBXProject section */

/* Begin PBXResourcesBuildPhase section */
		81ECA34A1C92CDE4000602F2 /* Resources */ = {
			isa = PBXResourcesBuildPhase;
			buildActionMask = 2147483647;
			files = (
				C135D9131CE257B700225EC7 /* LogIn.storyboard in Resources */,
				C1072DAD1CEB91300007B99E /* MUCLight.storyboard in Resources */,
				ACB2D2B61E1599FC00B3AEB8 /* Me.storyboard in Resources */,
				81ECA35A1C92CDE4000602F2 /* LaunchScreen.storyboard in Resources */,
				81ECA3571C92CDE4000602F2 /* Assets.xcassets in Resources */,
				AC7B7D3A1DDE33D300B3AEB8 /* IM.storyboard in Resources */,
				C1AEEF321D24038600E25C48 /* BlockingMembers.storyboard in Resources */,
				AC87CADF1DE35A7200B3AEB8 /* SocialMedia.storyboard in Resources */,
				AC8020D71E13F88100B3AEB8 /* Main.storyboard in Resources */,
				C135D91D1CE39FFD00225EC7 /* Members.storyboard in Resources */,
				C135D9191CE25E2000225EC7 /* Roster.storyboard in Resources */,
				C135D91B1CE25FE200225EC7 /* Chat.storyboard in Resources */,
				AC3E3FCE1E7C3F19005EA75B /* SendingStatusCollectionViewCell.xib in Resources */,
			);
			runOnlyForDeploymentPostprocessing = 0;
		};
		81ECA35E1C92CDE5000602F2 /* Resources */ = {
			isa = PBXResourcesBuildPhase;
			buildActionMask = 2147483647;
			files = (
			);
			runOnlyForDeploymentPostprocessing = 0;
		};
		81ECA3691C92CDE5000602F2 /* Resources */ = {
			isa = PBXResourcesBuildPhase;
			buildActionMask = 2147483647;
			files = (
			);
			runOnlyForDeploymentPostprocessing = 0;
		};
		AC9F660D1D957ABD00B3AEB8 /* Resources */ = {
			isa = PBXResourcesBuildPhase;
			buildActionMask = 2147483647;
			files = (
				AC9F660E1D957ABD00B3AEB8 /* LogIn.storyboard in Resources */,
				ACB2D2B71E1599FC00B3AEB8 /* Me.storyboard in Resources */,
				AC87CAE11DE3673900B3AEB8 /* SocialMedia.storyboard in Resources */,
				AC87CAE01DE3673600B3AEB8 /* IM.storyboard in Resources */,
				AC9F660F1D957ABD00B3AEB8 /* MUCLight.storyboard in Resources */,
				AC9F66101D957ABD00B3AEB8 /* LaunchScreen.storyboard in Resources */,
				AC9F66111D957ABD00B3AEB8 /* Assets.xcassets in Resources */,
				AC8020D81E13F88500B3AEB8 /* Main.storyboard in Resources */,
				AC9F66121D957ABD00B3AEB8 /* BlockingMembers.storyboard in Resources */,
				AC9F66141D957ABD00B3AEB8 /* Members.storyboard in Resources */,
				AC9F66161D957ABD00B3AEB8 /* Roster.storyboard in Resources */,
				AC9F66171D957ABD00B3AEB8 /* Chat.storyboard in Resources */,
				AC3E3FE01E7C3F32005EA75B /* SendingStatusCollectionViewCell.xib in Resources */,
			);
			runOnlyForDeploymentPostprocessing = 0;
		};
/* End PBXResourcesBuildPhase section */

/* Begin PBXShellScriptBuildPhase section */
		2FDD0EC4DBEE8A006D8DDB9E /* [CP] Copy Pods Resources */ = {
			isa = PBXShellScriptBuildPhase;
			buildActionMask = 2147483647;
			files = (
			);
			inputPaths = (
			);
			name = "[CP] Copy Pods Resources";
			outputPaths = (
			);
			runOnlyForDeploymentPostprocessing = 0;
			shellPath = /bin/sh;
			shellScript = "\"${SRCROOT}/Pods/Target Support Files/Pods-Mangosta REST/Pods-Mangosta REST-resources.sh\"\n";
			showEnvVarsInLog = 0;
		};
		7E863CD5034DCF96CD453549 /* [CP] Check Pods Manifest.lock */ = {
			isa = PBXShellScriptBuildPhase;
			buildActionMask = 2147483647;
			files = (
			);
			inputPaths = (
			);
			name = "[CP] Check Pods Manifest.lock";
			outputPaths = (
			);
			runOnlyForDeploymentPostprocessing = 0;
			shellPath = /bin/sh;
			shellScript = "diff \"${PODS_ROOT}/../Podfile.lock\" \"${PODS_ROOT}/Manifest.lock\" > /dev/null\nif [ $? != 0 ] ; then\n    # print error to STDERR\n    echo \"error: The sandbox is not in sync with the Podfile.lock. Run 'pod install' or update your CocoaPods installation.\" >&2\n    exit 1\nfi\n";
			showEnvVarsInLog = 0;
		};
		8969D462D1D92C7AFFCAD0E9 /* [CP] Copy Pods Resources */ = {
			isa = PBXShellScriptBuildPhase;
			buildActionMask = 2147483647;
			files = (
			);
			inputPaths = (
			);
			name = "[CP] Copy Pods Resources";
			outputPaths = (
			);
			runOnlyForDeploymentPostprocessing = 0;
			shellPath = /bin/sh;
			shellScript = "\"${SRCROOT}/Pods/Target Support Files/Pods-Mangosta/Pods-Mangosta-resources.sh\"\n";
			showEnvVarsInLog = 0;
		};
		99DFC97670A3F6F624B07A5D /* [CP] Embed Pods Frameworks */ = {
			isa = PBXShellScriptBuildPhase;
			buildActionMask = 2147483647;
			files = (
			);
			inputPaths = (
			);
			name = "[CP] Embed Pods Frameworks";
			outputPaths = (
			);
			runOnlyForDeploymentPostprocessing = 0;
			shellPath = /bin/sh;
			shellScript = "\"${SRCROOT}/Pods/Target Support Files/Pods-Mangosta REST/Pods-Mangosta REST-frameworks.sh\"\n";
			showEnvVarsInLog = 0;
		};
		A0EC5B1B2BEBDE2F6CE565F8 /* [CP] Embed Pods Frameworks */ = {
			isa = PBXShellScriptBuildPhase;
			buildActionMask = 2147483647;
			files = (
			);
			inputPaths = (
			);
			name = "[CP] Embed Pods Frameworks";
			outputPaths = (
			);
			runOnlyForDeploymentPostprocessing = 0;
			shellPath = /bin/sh;
			shellScript = "\"${SRCROOT}/Pods/Target Support Files/Pods-Mangosta/Pods-Mangosta-frameworks.sh\"\n";
			showEnvVarsInLog = 0;
		};
		AC3A3D9B1DB80AD900B3AEB8 /* ShellScript */ = {
			isa = PBXShellScriptBuildPhase;
			buildActionMask = 2147483647;
			files = (
			);
			inputPaths = (
			);
			outputPaths = (
			);
			runOnlyForDeploymentPostprocessing = 0;
			shellPath = /bin/sh;
			shellScript = "if which swiftlint >/dev/null; then\nswiftlint lint --path $PROJECT_DIR/Mangosta\nelse\necho \"warning: SwiftLint not installed, download from https://github.com/realm/SwiftLint\"\nfi";
		};
		AC3A3D9C1DB80AEA00B3AEB8 /* ShellScript */ = {
			isa = PBXShellScriptBuildPhase;
			buildActionMask = 2147483647;
			files = (
			);
			inputPaths = (
			);
			outputPaths = (
			);
			runOnlyForDeploymentPostprocessing = 0;
			shellPath = /bin/sh;
			shellScript = "if which swiftlint >/dev/null; then\nswiftlint lint --path $PROJECT_DIR/Mangosta\nelse\necho \"warning: SwiftLint not installed, download from https://github.com/realm/SwiftLint\"\nfi";
		};
		B1ECC4F6975FDE1867B04793 /* [CP] Check Pods Manifest.lock */ = {
			isa = PBXShellScriptBuildPhase;
			buildActionMask = 2147483647;
			files = (
			);
			inputPaths = (
			);
			name = "[CP] Check Pods Manifest.lock";
			outputPaths = (
			);
			runOnlyForDeploymentPostprocessing = 0;
			shellPath = /bin/sh;
			shellScript = "diff \"${PODS_ROOT}/../Podfile.lock\" \"${PODS_ROOT}/Manifest.lock\" > /dev/null\nif [ $? != 0 ] ; then\n    # print error to STDERR\n    echo \"error: The sandbox is not in sync with the Podfile.lock. Run 'pod install' or update your CocoaPods installation.\" >&2\n    exit 1\nfi\n";
			showEnvVarsInLog = 0;
		};
/* End PBXShellScriptBuildPhase section */

/* Begin PBXSourcesBuildPhase section */
		81ECA3481C92CDE4000602F2 /* Sources */ = {
			isa = PBXSourcesBuildPhase;
			buildActionMask = 2147483647;
			files = (
				C1CAEAAA1D11DDEE006E2A49 /* XMPPMessage+XEP_0313.m in Sources */,
				AC7B7D3C1DDE4DAF00B3AEB8 /* SocialMedia.swift in Sources */,
				AC3E3FCD1E7C3F19005EA75B /* QueueMessageSender.swift in Sources */,
				AC3E3FC71E7C3F19005EA75B /* TextMessageHandler.swift in Sources */,
				AC3E3FC41E7C3F19005EA75B /* PhotoMessageHandler.swift in Sources */,
				AC3E3FD11E7C3F19005EA75B /* SendingStatusPresenter.swift in Sources */,
				C135D9231CE3A0B400225EC7 /* MembersViewController.swift in Sources */,
				ACB2D2B91E16ABB000B3AEB8 /* Me.swift in Sources */,
				81F8E8331CA0236A008099D1 /* MainViewController.swift in Sources */,
				AC3E3FC81E7C3F19005EA75B /* TextMessageModel.swift in Sources */,
				ACA045931D999B8D00B3AEB8 /* MIMCommonInterfaceDelegate.swift in Sources */,
				AC3E3FC31E7C3F19005EA75B /* BaseMessageHandler.swift in Sources */,
				C1665E631CDA3BF20024A434 /* XMPPMUCCoreDataStorage.m in Sources */,
				DD7C68851E8E381E00C22685 /* XMPPClientState.m in Sources */,
				C1AEEF341D24059D00E25C48 /* BlockingMembersViewController.swift in Sources */,
				AC3E3FC61E7C3F19005EA75B /* PhotoMessageViewModel.swift in Sources */,
				C12EA9541CDD172800F29606 /* XMPPRoom+ExtraActions.m in Sources */,
				AC90864D1D9EF2BF00B3AEB8 /* XMPPMain.swift in Sources */,
				AC3E3FD21E7C3F19005EA75B /* TimeSeparatorCollectionViewCell.swift in Sources */,
				AC3E3FCA1E7C3F19005EA75B /* QueueMessageFactory.swift in Sources */,
				AC7859E21E48E25E00B3AEB8 /* AboutViewController.swift in Sources */,
				AC4D6A101D83366200B3AEB8 /* XMPPMessage+XEP_0245.m in Sources */,
				C1072DB41CEBAE7B0007B99E /* MUCLightRoomViewController.swift in Sources */,
				AC3E3FD01E7C3F19005EA75B /* SendingStatusCollectionViewCell.swift in Sources */,
				ACED08311E28242000B3AEB8 /* Settings.swift in Sources */,
				E094FB5B1CE107550033E0E0 /* XMPPStreamManagementDiscStorage.m in Sources */,
				AC3E3FC51E7C3F19005EA75B /* PhotoMessageModel.swift in Sources */,
				811C5AB41CAC094D008346FE /* AuthenticationModel.swift in Sources */,
				AC3E3FCC1E7C3F19005EA75B /* QueueDataSource.swift in Sources */,
				81ECA3501C92CDE4000602F2 /* AppDelegate.swift in Sources */,
				ACF0FAB21E806CA8005EA75B /* ChatViewController+Wallpaper.swift in Sources */,
				E037D85C1CEA6042008A7D61 /* XMPPMessageArchivingWithMAM.m in Sources */,
				AC3E3FCF1E7C3F19005EA75B /* SlidingDatasSource.swift in Sources */,
				AC3E3FAF1E7C3DB0005EA75B /* ChatViewController.swift in Sources */,
				AC3E3FCB1E7C3F19005EA75B /* ChatItemsDecorator.swift in Sources */,
				AC5D3EA51E1D7B2A00B3AEB8 /* RosterViewController.swift in Sources */,
				C19BA8021D243AB900F5BAB2 /* XMPPController.swift in Sources */,
				C19BA80A1D26D79D00F5BAB2 /* XMPPCustomRoomLight.m in Sources */,
				AC3E3FD31E7C3F19005EA75B /* TimeSeparatorModel.swift in Sources */,
				ACC255751DF6D5BF00B3AEB8 /* MUCLightCreateRoomPresenterViewController.swift in Sources */,
				813266A31CA18FFF00D4EDC0 /* ClientState.swift in Sources */,
				C1AEEF361D240EB700E25C48 /* UIAlertController+Extension.swift in Sources */,
				814D4CA51C970E6900AB28FA /* Constants.swift in Sources */,
				81473D901CC10949006FCEC9 /* MUCRoomCreateViewController.swift in Sources */,
				AC3E3FC91E7C3F19005EA75B /* TextMessageViewModel.swift in Sources */,
				81F8E8351CA023B1008099D1 /* LoginViewController.swift in Sources */,
				C19BA8041D2563C200F5BAB2 /* TabBarController.swift in Sources */,
				C135D92B1CEB4DAD00225EC7 /* XMPPMessageAndMAMArchivingCoreDataStorage.m in Sources */,
				AC3E3FD41E7C3F19005EA75B /* TimeSeparatorPresenter.swift in Sources */,
				C1665E601CD92FE30024A434 /* XMPPMUCStorer.m in Sources */,
				C160B91A1CD1371B00ADAD99 /* XMPPServiceDiscovery.m in Sources */,
			);
			runOnlyForDeploymentPostprocessing = 0;
		};
		81ECA35C1C92CDE5000602F2 /* Sources */ = {
			isa = PBXSourcesBuildPhase;
			buildActionMask = 2147483647;
			files = (
				81ECA3651C92CDE5000602F2 /* MangostaTests.swift in Sources */,
			);
			runOnlyForDeploymentPostprocessing = 0;
		};
		81ECA3671C92CDE5000602F2 /* Sources */ = {
			isa = PBXSourcesBuildPhase;
			buildActionMask = 2147483647;
			files = (
				81ECA3701C92CDE5000602F2 /* MangostaUITests.swift in Sources */,
			);
			runOnlyForDeploymentPostprocessing = 0;
		};
		AC9F65F11D957ABD00B3AEB8 /* Sources */ = {
			isa = PBXSourcesBuildPhase;
			buildActionMask = 2147483647;
			files = (
				AC9F65F21D957ABD00B3AEB8 /* XMPPMessage+XEP_0313.m in Sources */,
				AC3E3FDD1E7C3F27005EA75B /* ChatItemsDecorator.swift in Sources */,
				AC3E3FDE1E7C3F32005EA75B /* QueueDataSource.swift in Sources */,
				AC3E3FE21E7C3F32005EA75B /* SendingStatusCollectionViewCell.swift in Sources */,
				AC3E3FD51E7C3F1D005EA75B /* BaseMessageHandler.swift in Sources */,
				AC3E3FE41E7C3F32005EA75B /* TimeSeparatorCollectionViewCell.swift in Sources */,
				AC9F65F31D957ABD00B3AEB8 /* MembersViewController.swift in Sources */,
				ACA045981D9ACCC800B3AEB8 /* RoomsRepository.swift in Sources */,
				AC9F65F41D957ABD00B3AEB8 /* MainViewController.swift in Sources */,
				AC3E3FDF1E7C3F32005EA75B /* QueueMessageSender.swift in Sources */,
				ACB2D2BA1E16ABB000B3AEB8 /* Me.swift in Sources */,
				AC9F65F61D957ABD00B3AEB8 /* XMPPMUCCoreDataStorage.m in Sources */,
				AC5D3EA61E1D7B3200B3AEB8 /* RosterViewController.swift in Sources */,
				AC3E3FDB1E7C3F27005EA75B /* TextMessageViewModel.swift in Sources */,
				AC9F65F71D957ABD00B3AEB8 /* BlockingMembersViewController.swift in Sources */,
				AC9F65F81D957ABD00B3AEB8 /* XMPPRoom+ExtraActions.m in Sources */,
				AC9F65F91D957ABD00B3AEB8 /* XMPPMessage+XEP_0245.m in Sources */,
				AC9F65FA1D957ABD00B3AEB8 /* MUCLightRoomViewController.swift in Sources */,
				AC9F65FB1D957ABD00B3AEB8 /* XMPPStreamManagementDiscStorage.m in Sources */,
				AC9F65FC1D957ABD00B3AEB8 /* AuthenticationModel.swift in Sources */,
				AC3E3FD61E7C3F21005EA75B /* PhotoMessageHandler.swift in Sources */,
				AC9F66511D957E5900B3AEB8 /* JID.swift in Sources */,
				AC9F65FD1D957ABD00B3AEB8 /* AppDelegate.swift in Sources */,
				AC9F65FE1D957ABD00B3AEB8 /* XMPPMessageArchivingWithMAM.m in Sources */,
				ACA045961D99C26B00B3AEB8 /* RestMain.swift in Sources */,
				AC9F65FF1D957ABD00B3AEB8 /* XMPPController.swift in Sources */,
				AC3E3FD81E7C3F27005EA75B /* PhotoMessageViewModel.swift in Sources */,
				ACA045941D999B8D00B3AEB8 /* MIMCommonInterfaceDelegate.swift in Sources */,
				AC3E3FE31E7C3F32005EA75B /* SendingStatusPresenter.swift in Sources */,
				AC9F66001D957ABD00B3AEB8 /* XMPPCustomRoomLight.m in Sources */,
				AC9F66551D957E5900B3AEB8 /* Room Message.swift in Sources */,
				AC9F66561D957E5900B3AEB8 /* Room.swift in Sources */,
				AC3E3FDC1E7C3F27005EA75B /* QueueMessageFactory.swift in Sources */,
				AC3E3FB01E7C3DB1005EA75B /* ChatViewController.swift in Sources */,
				ACA0458A1D99906900B3AEB8 /* MensajesRepository.swift in Sources */,
				AC9F66531D957E5900B3AEB8 /* MongooseAPI.swift in Sources */,
				AC9F66021D957ABD00B3AEB8 /* ClientState.swift in Sources */,
				ACB9196E1E329C0500B3AEB8 /* Settings.swift in Sources */,
				AC9F66031D957ABD00B3AEB8 /* UIAlertController+Extension.swift in Sources */,
				AC77EA1B1E9C24DC005EA75B /* XMPPClientState.m in Sources */,
				AC3E3FE61E7C3F32005EA75B /* TimeSeparatorPresenter.swift in Sources */,
				AC7B7D3D1DDE4DAF00B3AEB8 /* SocialMedia.swift in Sources */,
				AC3E3FD71E7C3F27005EA75B /* PhotoMessageModel.swift in Sources */,
				ACF0FAB31E806CA8005EA75B /* ChatViewController+Wallpaper.swift in Sources */,
				AC9F66041D957ABD00B3AEB8 /* Constants.swift in Sources */,
				AC3E3FE11E7C3F32005EA75B /* SlidingDatasSource.swift in Sources */,
				AC9F66051D957ABD00B3AEB8 /* MUCRoomCreateViewController.swift in Sources */,
				AC9F66061D957ABD00B3AEB8 /* LoginViewController.swift in Sources */,
				AC3E3FD91E7C3F27005EA75B /* TextMessageHandler.swift in Sources */,
				AC9F66571D957E5900B3AEB8 /* User.swift in Sources */,
				AC3E3FDA1E7C3F27005EA75B /* TextMessageModel.swift in Sources */,
				AC9F66071D957ABD00B3AEB8 /* TabBarController.swift in Sources */,
				AC9F66081D957ABD00B3AEB8 /* XMPPMessageAndMAMArchivingCoreDataStorage.m in Sources */,
				AC9F66091D957ABD00B3AEB8 /* XMPPMUCStorer.m in Sources */,
				AC9F66521D957E5900B3AEB8 /* Message.swift in Sources */,
				AC9F660A1D957ABD00B3AEB8 /* XMPPServiceDiscovery.m in Sources */,
				ACC255761DF6D5BF00B3AEB8 /* MUCLightCreateRoomPresenterViewController.swift in Sources */,
				AC3E3FE51E7C3F32005EA75B /* TimeSeparatorModel.swift in Sources */,
			);
			runOnlyForDeploymentPostprocessing = 0;
		};
/* End PBXSourcesBuildPhase section */

/* Begin PBXTargetDependency section */
		81ECA3621C92CDE5000602F2 /* PBXTargetDependency */ = {
			isa = PBXTargetDependency;
			target = 81ECA34B1C92CDE4000602F2 /* Mangosta */;
			targetProxy = 81ECA3611C92CDE5000602F2 /* PBXContainerItemProxy */;
		};
		81ECA36D1C92CDE5000602F2 /* PBXTargetDependency */ = {
			isa = PBXTargetDependency;
			target = 81ECA34B1C92CDE4000602F2 /* Mangosta */;
			targetProxy = 81ECA36C1C92CDE5000602F2 /* PBXContainerItemProxy */;
		};
/* End PBXTargetDependency section */

/* Begin PBXVariantGroup section */
		81ECA3581C92CDE4000602F2 /* LaunchScreen.storyboard */ = {
			isa = PBXVariantGroup;
			children = (
				81ECA3591C92CDE4000602F2 /* Base */,
			);
			name = LaunchScreen.storyboard;
			sourceTree = "<group>";
		};
/* End PBXVariantGroup section */

/* Begin XCBuildConfiguration section */
		81ECA3721C92CDE5000602F2 /* Debug */ = {
			isa = XCBuildConfiguration;
			buildSettings = {
				ALWAYS_SEARCH_USER_PATHS = NO;
				CLANG_CXX_LANGUAGE_STANDARD = "gnu++0x";
				CLANG_CXX_LIBRARY = "libc++";
				CLANG_ENABLE_MODULES = NO;
				CLANG_ENABLE_OBJC_ARC = YES;
				CLANG_WARN_BOOL_CONVERSION = YES;
				CLANG_WARN_CONSTANT_CONVERSION = YES;
				CLANG_WARN_DIRECT_OBJC_ISA_USAGE = YES_ERROR;
				CLANG_WARN_EMPTY_BODY = YES;
				CLANG_WARN_ENUM_CONVERSION = YES;
				CLANG_WARN_INFINITE_RECURSION = YES;
				CLANG_WARN_INT_CONVERSION = YES;
				CLANG_WARN_OBJC_ROOT_CLASS = YES_ERROR;
				CLANG_WARN_SUSPICIOUS_MOVE = YES;
				CLANG_WARN_UNREACHABLE_CODE = YES;
				CLANG_WARN__DUPLICATE_METHOD_MATCH = YES;
				"CODE_SIGN_IDENTITY[sdk=iphoneos*]" = "iPhone Developer";
				COPY_PHASE_STRIP = NO;
				DEBUG_INFORMATION_FORMAT = dwarf;
				ENABLE_STRICT_OBJC_MSGSEND = YES;
				ENABLE_TESTABILITY = YES;
				GCC_C_LANGUAGE_STANDARD = gnu99;
				GCC_DYNAMIC_NO_PIC = NO;
				GCC_NO_COMMON_BLOCKS = YES;
				GCC_OPTIMIZATION_LEVEL = 0;
				GCC_PREPROCESSOR_DEFINITIONS = (
					"DEBUG=1",
					"$(inherited)",
				);
				GCC_WARN_64_TO_32_BIT_CONVERSION = YES;
				GCC_WARN_ABOUT_RETURN_TYPE = YES_ERROR;
				GCC_WARN_UNDECLARED_SELECTOR = YES;
				GCC_WARN_UNINITIALIZED_AUTOS = YES_AGGRESSIVE;
				GCC_WARN_UNUSED_FUNCTION = YES;
				GCC_WARN_UNUSED_VARIABLE = YES;
				IPHONEOS_DEPLOYMENT_TARGET = 9.2;
				MTL_ENABLE_DEBUG_INFO = YES;
				ONLY_ACTIVE_ARCH = YES;
				SDKROOT = iphoneos;
				SWIFT_OPTIMIZATION_LEVEL = "-Onone";
			};
			name = Debug;
		};
		81ECA3731C92CDE5000602F2 /* Release */ = {
			isa = XCBuildConfiguration;
			buildSettings = {
				ALWAYS_SEARCH_USER_PATHS = NO;
				CLANG_CXX_LANGUAGE_STANDARD = "gnu++0x";
				CLANG_CXX_LIBRARY = "libc++";
				CLANG_ENABLE_MODULES = NO;
				CLANG_ENABLE_OBJC_ARC = YES;
				CLANG_WARN_BOOL_CONVERSION = YES;
				CLANG_WARN_CONSTANT_CONVERSION = YES;
				CLANG_WARN_DIRECT_OBJC_ISA_USAGE = YES_ERROR;
				CLANG_WARN_EMPTY_BODY = YES;
				CLANG_WARN_ENUM_CONVERSION = YES;
				CLANG_WARN_INFINITE_RECURSION = YES;
				CLANG_WARN_INT_CONVERSION = YES;
				CLANG_WARN_OBJC_ROOT_CLASS = YES_ERROR;
				CLANG_WARN_SUSPICIOUS_MOVE = YES;
				CLANG_WARN_UNREACHABLE_CODE = YES;
				CLANG_WARN__DUPLICATE_METHOD_MATCH = YES;
				"CODE_SIGN_IDENTITY[sdk=iphoneos*]" = "iPhone Developer";
				COPY_PHASE_STRIP = NO;
				DEBUG_INFORMATION_FORMAT = "dwarf-with-dsym";
				ENABLE_NS_ASSERTIONS = NO;
				ENABLE_STRICT_OBJC_MSGSEND = YES;
				GCC_C_LANGUAGE_STANDARD = gnu99;
				GCC_NO_COMMON_BLOCKS = YES;
				GCC_WARN_64_TO_32_BIT_CONVERSION = YES;
				GCC_WARN_ABOUT_RETURN_TYPE = YES_ERROR;
				GCC_WARN_UNDECLARED_SELECTOR = YES;
				GCC_WARN_UNINITIALIZED_AUTOS = YES_AGGRESSIVE;
				GCC_WARN_UNUSED_FUNCTION = YES;
				GCC_WARN_UNUSED_VARIABLE = YES;
				IPHONEOS_DEPLOYMENT_TARGET = 9.2;
				MTL_ENABLE_DEBUG_INFO = NO;
				SDKROOT = iphoneos;
				SWIFT_OPTIMIZATION_LEVEL = "-Owholemodule";
				VALIDATE_PRODUCT = YES;
			};
			name = Release;
		};
		81ECA3751C92CDE5000602F2 /* Debug */ = {
			isa = XCBuildConfiguration;
			baseConfigurationReference = FB21A84DE3DB4A7D04D49713 /* Pods-Mangosta.debug.xcconfig */;
			buildSettings = {
				ALWAYS_EMBED_SWIFT_STANDARD_LIBRARIES = YES;
				ASSETCATALOG_COMPILER_APPICON_NAME = MangostaIconWhite;
				CLANG_ENABLE_MODULES = YES;
				CODE_SIGN_IDENTITY = "iPhone Developer";
				DEVELOPMENT_TEAM = RN98T2SU3Z;
				INFOPLIST_FILE = Mangosta/Info.plist;
				LD_RUNPATH_SEARCH_PATHS = "$(inherited) @executable_path/Frameworks";
				PRODUCT_BUNDLE_IDENTIFIER = com.inakanetworks.Mangosta;
				PRODUCT_NAME = "$(TARGET_NAME)";
				SWIFT_OBJC_BRIDGING_HEADER = "Mangosta/Library/Mangosta-Bridging-Header.h";
				SWIFT_OPTIMIZATION_LEVEL = "-Onone";
				SWIFT_VERSION = 3.0;
			};
			name = Debug;
		};
		81ECA3761C92CDE5000602F2 /* Release */ = {
			isa = XCBuildConfiguration;
			baseConfigurationReference = FC0B48606E9587DFCED6A206 /* Pods-Mangosta.release.xcconfig */;
			buildSettings = {
				ALWAYS_EMBED_SWIFT_STANDARD_LIBRARIES = YES;
				ASSETCATALOG_COMPILER_APPICON_NAME = MangostaIconWhite;
				CLANG_ENABLE_MODULES = YES;
				CODE_SIGN_IDENTITY = "iPhone Developer";
				DEVELOPMENT_TEAM = RN98T2SU3Z;
				INFOPLIST_FILE = Mangosta/Info.plist;
				LD_RUNPATH_SEARCH_PATHS = "$(inherited) @executable_path/Frameworks";
				PRODUCT_BUNDLE_IDENTIFIER = com.inakanetworks.Mangosta;
				PRODUCT_NAME = "$(TARGET_NAME)";
				SWIFT_OBJC_BRIDGING_HEADER = "Mangosta/Library/Mangosta-Bridging-Header.h";
				SWIFT_VERSION = 3.0;
			};
			name = Release;
		};
		81ECA3781C92CDE5000602F2 /* Debug */ = {
			isa = XCBuildConfiguration;
			buildSettings = {
				BUNDLE_LOADER = "$(TEST_HOST)";
				INFOPLIST_FILE = MangostaTests/Info.plist;
				LD_RUNPATH_SEARCH_PATHS = "$(inherited) @executable_path/Frameworks @loader_path/Frameworks";
				PRODUCT_BUNDLE_IDENTIFIER = com.inakanetworks.MangostaTests;
				PRODUCT_NAME = "$(TARGET_NAME)";
				SWIFT_VERSION = 3.0;
				TEST_HOST = "$(BUILT_PRODUCTS_DIR)/Mangosta.app/Mangosta";
			};
			name = Debug;
		};
		81ECA3791C92CDE5000602F2 /* Release */ = {
			isa = XCBuildConfiguration;
			buildSettings = {
				BUNDLE_LOADER = "$(TEST_HOST)";
				INFOPLIST_FILE = MangostaTests/Info.plist;
				LD_RUNPATH_SEARCH_PATHS = "$(inherited) @executable_path/Frameworks @loader_path/Frameworks";
				PRODUCT_BUNDLE_IDENTIFIER = com.inakanetworks.MangostaTests;
				PRODUCT_NAME = "$(TARGET_NAME)";
				SWIFT_VERSION = 3.0;
				TEST_HOST = "$(BUILT_PRODUCTS_DIR)/Mangosta.app/Mangosta";
			};
			name = Release;
		};
		81ECA37B1C92CDE5000602F2 /* Debug */ = {
			isa = XCBuildConfiguration;
			buildSettings = {
				INFOPLIST_FILE = MangostaUITests/Info.plist;
				LD_RUNPATH_SEARCH_PATHS = "$(inherited) @executable_path/Frameworks @loader_path/Frameworks";
				PRODUCT_BUNDLE_IDENTIFIER = com.inakanetworks.MangostaUITests;
				PRODUCT_NAME = "$(TARGET_NAME)";
				SWIFT_VERSION = 3.0;
				TEST_TARGET_NAME = Mangosta;
				USES_XCTRUNNER = YES;
			};
			name = Debug;
		};
		81ECA37C1C92CDE5000602F2 /* Release */ = {
			isa = XCBuildConfiguration;
			buildSettings = {
				INFOPLIST_FILE = MangostaUITests/Info.plist;
				LD_RUNPATH_SEARCH_PATHS = "$(inherited) @executable_path/Frameworks @loader_path/Frameworks";
				PRODUCT_BUNDLE_IDENTIFIER = com.inakanetworks.MangostaUITests;
				PRODUCT_NAME = "$(TARGET_NAME)";
				SWIFT_VERSION = 3.0;
				TEST_TARGET_NAME = Mangosta;
				USES_XCTRUNNER = YES;
			};
			name = Release;
		};
		AC9F661B1D957ABD00B3AEB8 /* Debug */ = {
			isa = XCBuildConfiguration;
			baseConfigurationReference = 37AF37EA534DB10501DCAA9E /* Pods-Mangosta REST.debug.xcconfig */;
			buildSettings = {
				ALWAYS_EMBED_SWIFT_STANDARD_LIBRARIES = YES;
				ARCHS = "$(ARCHS_STANDARD)";
				ASSETCATALOG_COMPILER_APPICON_NAME = MangostaRESTIconWhite;
				CLANG_ENABLE_MODULES = YES;
				CODE_SIGN_IDENTITY = "iPhone Developer";
				DEVELOPMENT_TEAM = RN98T2SU3Z;
				INFOPLIST_FILE = "Mangosta/REST-Info.plist";
				LD_RUNPATH_SEARCH_PATHS = "$(inherited) @executable_path/Frameworks";
				ONLY_ACTIVE_ARCH = YES;
				OTHER_SWIFT_FLAGS = "$(inherited) -DDDXML_LIBXML_MODULE_ENABLED $(inherited) \"-D\" \"COCOAPODS\" -D\"MangostaREST\"";
				PRODUCT_BUNDLE_IDENTIFIER = com.inakanetworks.MangostaREST;
				PRODUCT_NAME = "$(TARGET_NAME)";
				SWIFT_OBJC_BRIDGING_HEADER = "Mangosta/Library/Mangosta-Bridging-Header.h";
				SWIFT_OPTIMIZATION_LEVEL = "-Onone";
				SWIFT_VERSION = 3.0;
				VALID_ARCHS = "arm64 armv7 armv7s";
			};
			name = Debug;
		};
		AC9F661C1D957ABD00B3AEB8 /* Release */ = {
			isa = XCBuildConfiguration;
			baseConfigurationReference = E0ED70069EEE9C42A3458F39 /* Pods-Mangosta REST.release.xcconfig */;
			buildSettings = {
				ALWAYS_EMBED_SWIFT_STANDARD_LIBRARIES = YES;
				ARCHS = "$(ARCHS_STANDARD)";
				ASSETCATALOG_COMPILER_APPICON_NAME = MangostaRESTIconWhite;
				CLANG_ENABLE_MODULES = YES;
				CODE_SIGN_IDENTITY = "iPhone Developer";
				DEVELOPMENT_TEAM = RN98T2SU3Z;
				INFOPLIST_FILE = "Mangosta/REST-Info.plist";
				LD_RUNPATH_SEARCH_PATHS = "$(inherited) @executable_path/Frameworks";
				ONLY_ACTIVE_ARCH = NO;
				OTHER_SWIFT_FLAGS = "$(inherited) -DDDXML_LIBXML_MODULE_ENABLED $(inherited) \"-D\" \"COCOAPODS\" -D\"MangostaREST\"";
				PRODUCT_BUNDLE_IDENTIFIER = com.inakanetworks.MangostaREST;
				PRODUCT_NAME = "$(TARGET_NAME)";
				SWIFT_OBJC_BRIDGING_HEADER = "Mangosta/Library/Mangosta-Bridging-Header.h";
				SWIFT_VERSION = 3.0;
				VALID_ARCHS = "arm64 armv7 armv7s";
			};
			name = Release;
		};
/* End XCBuildConfiguration section */

/* Begin XCConfigurationList section */
		81ECA3471C92CDE4000602F2 /* Build configuration list for PBXProject "Mangosta" */ = {
			isa = XCConfigurationList;
			buildConfigurations = (
				81ECA3721C92CDE5000602F2 /* Debug */,
				81ECA3731C92CDE5000602F2 /* Release */,
			);
			defaultConfigurationIsVisible = 0;
			defaultConfigurationName = Release;
		};
		81ECA3741C92CDE5000602F2 /* Build configuration list for PBXNativeTarget "Mangosta" */ = {
			isa = XCConfigurationList;
			buildConfigurations = (
				81ECA3751C92CDE5000602F2 /* Debug */,
				81ECA3761C92CDE5000602F2 /* Release */,
			);
			defaultConfigurationIsVisible = 0;
			defaultConfigurationName = Release;
		};
		81ECA3771C92CDE5000602F2 /* Build configuration list for PBXNativeTarget "MangostaTests" */ = {
			isa = XCConfigurationList;
			buildConfigurations = (
				81ECA3781C92CDE5000602F2 /* Debug */,
				81ECA3791C92CDE5000602F2 /* Release */,
			);
			defaultConfigurationIsVisible = 0;
			defaultConfigurationName = Release;
		};
		81ECA37A1C92CDE5000602F2 /* Build configuration list for PBXNativeTarget "MangostaUITests" */ = {
			isa = XCConfigurationList;
			buildConfigurations = (
				81ECA37B1C92CDE5000602F2 /* Debug */,
				81ECA37C1C92CDE5000602F2 /* Release */,
			);
			defaultConfigurationIsVisible = 0;
			defaultConfigurationName = Release;
		};
		AC9F661A1D957ABD00B3AEB8 /* Build configuration list for PBXNativeTarget "Mangosta REST" */ = {
			isa = XCConfigurationList;
			buildConfigurations = (
				AC9F661B1D957ABD00B3AEB8 /* Debug */,
				AC9F661C1D957ABD00B3AEB8 /* Release */,
			);
			defaultConfigurationIsVisible = 0;
			defaultConfigurationName = Release;
		};
/* End XCConfigurationList section */
	};
	rootObject = 81ECA3441C92CDE4000602F2 /* Project object */;
}
